// !$*UTF8*$!
{
	archiveVersion = 1;
	classes = {
	};
	objectVersion = 46;
	objects = {

/* Begin PBXBuildFile section */
		E9EA4A471D0E69CE00574BE4 /* main.m in Sources */ = {isa = PBXBuildFile; fileRef = E9EA4A461D0E69CE00574BE4 /* main.m */; };
		E9EA4A4A1D0E69CE00574BE4 /* AppDelegate.m in Sources */ = {isa = PBXBuildFile; fileRef = E9EA4A491D0E69CE00574BE4 /* AppDelegate.m */; };
		E9EA4A4D1D0E69CE00574BE4 /* ViewController.m in Sources */ = {isa = PBXBuildFile; fileRef = E9EA4A4C1D0E69CE00574BE4 /* ViewController.m */; };
		E9EA4A501D0E69CE00574BE4 /* Main.storyboard in Resources */ = {isa = PBXBuildFile; fileRef = E9EA4A4E1D0E69CE00574BE4 /* Main.storyboard */; };
		E9EA4A521D0E69CE00574BE4 /* Assets.xcassets in Resources */ = {isa = PBXBuildFile; fileRef = E9EA4A511D0E69CE00574BE4 /* Assets.xcassets */; };
		E9EA4A551D0E69CE00574BE4 /* LaunchScreen.storyboard in Resources */ = {isa = PBXBuildFile; fileRef = E9EA4A531D0E69CE00574BE4 /* LaunchScreen.storyboard */; };
		E9EA4A601D0E69CE00574BE4 /* UIViewUITests.m in Sources */ = {isa = PBXBuildFile; fileRef = E9EA4A5F1D0E69CE00574BE4 /* UIViewUITests.m */; };
		E9EA4A6D1D0E69FF00574BE4 /* tableView.m in Sources */ = {isa = PBXBuildFile; fileRef = E9EA4A6B1D0E69FF00574BE4 /* tableView.m */; };
		E9EA4A6E1D0E69FF00574BE4 /* tableView.xib in Resources */ = {isa = PBXBuildFile; fileRef = E9EA4A6C1D0E69FF00574BE4 /* tableView.xib */; };
/* End PBXBuildFile section */

/* Begin PBXContainerItemProxy section */
		E9EA4A5C1D0E69CE00574BE4 /* PBXContainerItemProxy */ = {
			isa = PBXContainerItemProxy;
			containerPortal = E9EA4A3A1D0E69CE00574BE4 /* Project object */;
			proxyType = 1;
			remoteGlobalIDString = E9EA4A411D0E69CE00574BE4;
			remoteInfo = UIView;
		};
/* End PBXContainerItemProxy section */

/* Begin PBXFileReference section */
		E9EA4A421D0E69CE00574BE4 /* UIView.app */ = {isa = PBXFileReference; explicitFileType = wrapper.application; includeInIndex = 0; path = UIView.app; sourceTree = BUILT_PRODUCTS_DIR; };
		E9EA4A461D0E69CE00574BE4 /* main.m */ = {isa = PBXFileReference; lastKnownFileType = sourcecode.c.objc; path = main.m; sourceTree = "<group>"; };
		E9EA4A481D0E69CE00574BE4 /* AppDelegate.h */ = {isa = PBXFileReference; lastKnownFileType = sourcecode.c.h; path = AppDelegate.h; sourceTree = "<group>"; };
		E9EA4A491D0E69CE00574BE4 /* AppDelegate.m */ = {isa = PBXFileReference; lastKnownFileType = sourcecode.c.objc; path = AppDelegate.m; sourceTree = "<group>"; };
		E9EA4A4B1D0E69CE00574BE4 /* ViewController.h */ = {isa = PBXFileReference; lastKnownFileType = sourcecode.c.h; path = ViewController.h; sourceTree = "<group>"; };
		E9EA4A4C1D0E69CE00574BE4 /* ViewController.m */ = {isa = PBXFileReference; lastKnownFileType = sourcecode.c.objc; path = ViewController.m; sourceTree = "<group>"; };
		E9EA4A4F1D0E69CE00574BE4 /* Base */ = {isa = PBXFileReference; lastKnownFileType = file.storyboard; name = Base; path = Base.lproj/Main.storyboard; sourceTree = "<group>"; };
		E9EA4A511D0E69CE00574BE4 /* Assets.xcassets */ = {isa = PBXFileReference; lastKnownFileType = folder.assetcatalog; path = Assets.xcassets; sourceTree = "<group>"; };
		E9EA4A541D0E69CE00574BE4 /* Base */ = {isa = PBXFileReference; lastKnownFileType = file.storyboard; name = Base; path = Base.lproj/LaunchScreen.storyboard; sourceTree = "<group>"; };
		E9EA4A561D0E69CE00574BE4 /* Info.plist */ = {isa = PBXFileReference; lastKnownFileType = text.plist.xml; path = Info.plist; sourceTree = "<group>"; };
		E9EA4A5B1D0E69CE00574BE4 /* UIViewUITests.xctest */ = {isa = PBXFileReference; explicitFileType = wrapper.cfbundle; includeInIndex = 0; path = UIViewUITests.xctest; sourceTree = BUILT_PRODUCTS_DIR; };
		E9EA4A5F1D0E69CE00574BE4 /* UIViewUITests.m */ = {isa = PBXFileReference; lastKnownFileType = sourcecode.c.objc; path = UIViewUITests.m; sourceTree = "<group>"; };
		E9EA4A611D0E69CE00574BE4 /* Info.plist */ = {isa = PBXFileReference; lastKnownFileType = text.plist.xml; path = Info.plist; sourceTree = "<group>"; };
		E9EA4A6B1D0E69FF00574BE4 /* tableView.m */ = {isa = PBXFileReference; fileEncoding = 4; lastKnownFileType = sourcecode.c.objc; path = tableView.m; sourceTree = "<group>"; };
		E9EA4A6C1D0E69FF00574BE4 /* tableView.xib */ = {isa = PBXFileReference; fileEncoding = 4; lastKnownFileType = file.xib; path = tableView.xib; sourceTree = "<group>"; };
/* End PBXFileReference section */

/* Begin PBXFrameworksBuildPhase section */
		E9EA4A3F1D0E69CE00574BE4 /* Frameworks */ = {
			isa = PBXFrameworksBuildPhase;
			buildActionMask = 2147483647;
			files = (
			);
			runOnlyForDeploymentPostprocessing = 0;
		};
		E9EA4A581D0E69CE00574BE4 /* Frameworks */ = {
			isa = PBXFrameworksBuildPhase;
			buildActionMask = 2147483647;
			files = (
			);
			runOnlyForDeploymentPostprocessing = 0;
		};
/* End PBXFrameworksBuildPhase section */

/* Begin PBXGroup section */
		E9EA4A391D0E69CE00574BE4 = {
			isa = PBXGroup;
			children = (
				E9EA4A441D0E69CE00574BE4 /* UIView */,
				E9EA4A5E1D0E69CE00574BE4 /* UIViewUITests */,
				E9EA4A431D0E69CE00574BE4 /* Products */,
			);
			sourceTree = "<group>";
		};
		E9EA4A431D0E69CE00574BE4 /* Products */ = {
			isa = PBXGroup;
			children = (
				E9EA4A421D0E69CE00574BE4 /* UIView.app */,
				E9EA4A5B1D0E69CE00574BE4 /* UIViewUITests.xctest */,
			);
			name = Products;
			sourceTree = "<group>";
		};
		E9EA4A441D0E69CE00574BE4 /* UIView */ = {
			isa = PBXGroup;
			children = (
				E9EA4A481D0E69CE00574BE4 /* AppDelegate.h */,
				E9EA4A491D0E69CE00574BE4 /* AppDelegate.m */,
				E9EA4A4B1D0E69CE00574BE4 /* ViewController.h */,
				E9EA4A4C1D0E69CE00574BE4 /* ViewController.m */,
				E9EA4A6B1D0E69FF00574BE4 /* tableView.m */,
				E9EA4A6C1D0E69FF00574BE4 /* tableView.xib */,
				E9EA4A4E1D0E69CE00574BE4 /* Main.storyboard */,
				E9EA4A511D0E69CE00574BE4 /* Assets.xcassets */,
				E9EA4A531D0E69CE00574BE4 /* LaunchScreen.storyboard */,
				E9EA4A561D0E69CE00574BE4 /* Info.plist */,
				E9EA4A451D0E69CE00574BE4 /* Supporting Files */,
			);
			path = UIView;
			sourceTree = "<group>";
		};
		E9EA4A451D0E69CE00574BE4 /* Supporting Files */ = {
			isa = PBXGroup;
			children = (
				E9EA4A461D0E69CE00574BE4 /* main.m */,
			);
			name = "Supporting Files";
			sourceTree = "<group>";
		};
		E9EA4A5E1D0E69CE00574BE4 /* UIViewUITests */ = {
			isa = PBXGroup;
			children = (
				E9EA4A5F1D0E69CE00574BE4 /* UIViewUITests.m */,
				E9EA4A611D0E69CE00574BE4 /* Info.plist */,
			);
			path = UIViewUITests;
			sourceTree = "<group>";
		};
/* End PBXGroup section */

/* Begin PBXNativeTarget section */
		E9EA4A411D0E69CE00574BE4 /* UIView */ = {
			isa = PBXNativeTarget;
			buildConfigurationList = E9EA4A641D0E69CE00574BE4 /* Build configuration list for PBXNativeTarget "UIView" */;
			buildPhases = (
				E9EA4A3E1D0E69CE00574BE4 /* Sources */,
				E9EA4A3F1D0E69CE00574BE4 /* Frameworks */,
				E9EA4A401D0E69CE00574BE4 /* Resources */,
			);
			buildRules = (
			);
			dependencies = (
			);
			name = UIView;
			productName = UIView;
			productReference = E9EA4A421D0E69CE00574BE4 /* UIView.app */;
			productType = "com.apple.product-type.application";
		};
		E9EA4A5A1D0E69CE00574BE4 /* UIViewUITests */ = {
			isa = PBXNativeTarget;
			buildConfigurationList = E9EA4A671D0E69CE00574BE4 /* Build configuration list for PBXNativeTarget "UIViewUITests" */;
			buildPhases = (
				E9EA4A571D0E69CE00574BE4 /* Sources */,
				E9EA4A581D0E69CE00574BE4 /* Frameworks */,
				E9EA4A591D0E69CE00574BE4 /* Resources */,
			);
			buildRules = (
			);
			dependencies = (
				E9EA4A5D1D0E69CE00574BE4 /* PBXTargetDependency */,
			);
			name = UIViewUITests;
			productName = UIViewUITests;
			productReference = E9EA4A5B1D0E69CE00574BE4 /* UIViewUITests.xctest */;
			productType = "com.apple.product-type.bundle.ui-testing";
		};
/* End PBXNativeTarget section */

/* Begin PBXProject section */
		E9EA4A3A1D0E69CE00574BE4 /* Project object */ = {
			isa = PBXProject;
			attributes = {
				LastUpgradeCheck = 0710;
				ORGANIZATIONNAME = "Minami Kyohei";
				TargetAttributes = {
					E9EA4A411D0E69CE00574BE4 = {
						CreatedOnToolsVersion = 7.1.1;
					};
					E9EA4A5A1D0E69CE00574BE4 = {
						CreatedOnToolsVersion = 7.1.1;
						TestTargetID = E9EA4A411D0E69CE00574BE4;
					};
				};
			};
			buildConfigurationList = E9EA4A3D1D0E69CE00574BE4 /* Build configuration list for PBXProject "UIView" */;
			compatibilityVersion = "Xcode 3.2";
			developmentRegion = English;
			hasScannedForEncodings = 0;
			knownRegions = (
				en,
				Base,
			);
			mainGroup = E9EA4A391D0E69CE00574BE4;
			productRefGroup = E9EA4A431D0E69CE00574BE4 /* Products */;
			projectDirPath = "";
			projectRoot = "";
			targets = (
				E9EA4A411D0E69CE00574BE4 /* UIView */,
				E9EA4A5A1D0E69CE00574BE4 /* UIViewUITests */,
			);
		};
/* End PBXProject section */

/* Begin PBXResourcesBuildPhase section */
		E9EA4A401D0E69CE00574BE4 /* Resources */ = {
			isa = PBXResourcesBuildPhase;
			buildActionMask = 2147483647;
			files = (
				E9EA4A551D0E69CE00574BE4 /* LaunchScreen.storyboard in Resources */,
				E9EA4A6E1D0E69FF00574BE4 /* tableView.xib in Resources */,
				E9EA4A521D0E69CE00574BE4 /* Assets.xcassets in Resources */,
				E9EA4A501D0E69CE00574BE4 /* Main.storyboard in Resources */,
			);
			runOnlyForDeploymentPostprocessing = 0;
		};
		E9EA4A591D0E69CE00574BE4 /* Resources */ = {
			isa = PBXResourcesBuildPhase;
			buildActionMask = 2147483647;
			files = (
			);
			runOnlyForDeploymentPostprocessing = 0;
		};
/* End PBXResourcesBuildPhase section */

/* Begin PBXSourcesBuildPhase section */
		E9EA4A3E1D0E69CE00574BE4 /* Sources */ = {
			isa = PBXSourcesBuildPhase;
			buildActionMask = 2147483647;
			files = (
				E9EA4A4D1D0E69CE00574BE4 /* ViewController.m in Sources */,
				E9EA4A6D1D0E69FF00574BE4 /* tableView.m in Sources */,
				E9EA4A4A1D0E69CE00574BE4 /* AppDelegate.m in Sources */,
				E9EA4A471D0E69CE00574BE4 /* main.m in Sources */,
			);
			runOnlyForDeploymentPostprocessing = 0;
		};
		E9EA4A571D0E69CE00574BE4 /* Sources */ = {
			isa = PBXSourcesBuildPhase;
			buildActionMask = 2147483647;
			files = (
				E9EA4A601D0E69CE00574BE4 /* UIViewUITests.m in Sources */,
			);
			runOnlyForDeploymentPostprocessing = 0;
		};
/* End PBXSourcesBuildPhase section */

/* Begin PBXTargetDependency section */
		E9EA4A5D1D0E69CE00574BE4 /* PBXTargetDependency */ = {
			isa = PBXTargetDependency;
			target = E9EA4A411D0E69CE00574BE4 /* UIView */;
			targetProxy = E9EA4A5C1D0E69CE00574BE4 /* PBXContainerItemProxy */;
		};
/* End PBXTargetDependency section */

/* Begin PBXVariantGroup section */
		E9EA4A4E1D0E69CE00574BE4 /* Main.storyboard */ = {
			isa = PBXVariantGroup;
			children = (
				E9EA4A4F1D0E69CE00574BE4 /* Base */,
			);
			name = Main.storyboard;
			sourceTree = "<group>";
		};
		E9EA4A531D0E69CE00574BE4 /* LaunchScreen.storyboard */ = {
			isa = PBXVariantGroup;
			children = (
				E9EA4A541D0E69CE00574BE4 /* Base */,
			);
			name = LaunchScreen.storyboard;
			sourceTree = "<group>";
		};
/* End PBXVariantGroup section */

/* Begin XCBuildConfiguration section */
		E9EA4A621D0E69CE00574BE4 /* Debug */ = {
			isa = XCBuildConfiguration;
			buildSettings = {
				ALWAYS_SEARCH_USER_PATHS = NO;
				CLANG_CXX_LANGUAGE_STANDARD = "gnu++0x";
				CLANG_CXX_LIBRARY = "libc++";
				CLANG_ENABLE_MODULES = YES;
				CLANG_ENABLE_OBJC_ARC = YES;
				CLANG_WARN_BOOL_CONVERSION = YES;
				CLANG_WARN_CONSTANT_CONVERSION = YES;
				CLANG_WARN_DIRECT_OBJC_ISA_USAGE = YES_ERROR;
				CLANG_WARN_EMPTY_BODY = YES;
				CLANG_WARN_ENUM_CONVERSION = YES;
				CLANG_WARN_INT_CONVERSION = YES;
				CLANG_WARN_OBJC_ROOT_CLASS = YES_ERROR;
				CLANG_WARN_UNREACHABLE_CODE = YES;
				CLANG_WARN__DUPLICATE_METHOD_MATCH = YES;
				"CODE_SIGN_IDENTITY[sdk=iphoneos*]" = "iPhone Developer";
				COPY_PHASE_STRIP = NO;
				DEBUG_INFORMATION_FORMAT = dwarf;
				ENABLE_STRICT_OBJC_MSGSEND = YES;
				ENABLE_TESTABILITY = YES;
				GCC_C_LANGUAGE_STANDARD = gnu99;
				GCC_DYNAMIC_NO_PIC = NO;
				GCC_NO_COMMON_BLOCKS = YES;
				GCC_OPTIMIZATION_LEVEL = 0;
				GCC_PREPROCESSOR_DEFINITIONS = (
					"DEBUG=1",
					"$(inherited)",
				);
				GCC_WARN_64_TO_32_BIT_CONVERSION = YES;
				GCC_WARN_ABOUT_RETURN_TYPE = YES_ERROR;
				GCC_WARN_UNDECLARED_SELECTOR = YES;
				GCC_WARN_UNINITIALIZED_AUTOS = YES_AGGRESSIVE;
				GCC_WARN_UNUSED_FUNCTION = YES;
				GCC_WARN_UNUSED_VARIABLE = YES;
				IPHONEOS_DEPLOYMENT_TARGET = 9.1;
				MTL_ENABLE_DEBUG_INFO = YES;
				ONLY_ACTIVE_ARCH = YES;
				SDKROOT = iphoneos;
				TARGETED_DEVICE_FAMILY = "1,2";
			};
			name = Debug;
		};
		E9EA4A631D0E69CE00574BE4 /* Release */ = {
			isa = XCBuildConfiguration;
			buildSettings = {
				ALWAYS_SEARCH_USER_PATHS = NO;
				CLANG_CXX_LANGUAGE_STANDARD = "gnu++0x";
				CLANG_CXX_LIBRARY = "libc++";
				CLANG_ENABLE_MODULES = YES;
				CLANG_ENABLE_OBJC_ARC = YES;
				CLANG_WARN_BOOL_CONVERSION = YES;
				CLANG_WARN_CONSTANT_CONVERSION = YES;
				CLANG_WARN_DIRECT_OBJC_ISA_USAGE = YES_ERROR;
				CLANG_WARN_EMPTY_BODY = YES;
				CLANG_WARN_ENUM_CONVERSION = YES;
				CLANG_WARN_INT_CONVERSION = YES;
				CLANG_WARN_OBJC_ROOT_CLASS = YES_ERROR;
				CLANG_WARN_UNREACHABLE_CODE = YES;
				CLANG_WARN__DUPLICATE_METHOD_MATCH = YES;
				"CODE_SIGN_IDENTITY[sdk=iphoneos*]" = "iPhone Developer";
				COPY_PHASE_STRIP = NO;
				DEBUG_INFORMATION_FORMAT = "dwarf-with-dsym";
				ENABLE_NS_ASSERTIONS = NO;
				ENABLE_STRICT_OBJC_MSGSEND = YES;
				GCC_C_LANGUAGE_STANDARD = gnu99;
				GCC_NO_COMMON_BLOCKS = YES;
				GCC_WARN_64_TO_32_BIT_CONVERSION = YES;
				GCC_WARN_ABOUT_RETURN_TYPE = YES_ERROR;
				GCC_WARN_UNDECLARED_SELECTOR = YES;
				GCC_WARN_UNINITIALIZED_AUTOS = YES_AGGRESSIVE;
				GCC_WARN_UNUSED_FUNCTION = YES;
				GCC_WARN_UNUSED_VARIABLE = YES;
				IPHONEOS_DEPLOYMENT_TARGET = 9.1;
				MTL_ENABLE_DEBUG_INFO = NO;
				SDKROOT = iphoneos;
				TARGETED_DEVICE_FAMILY = "1,2";
				VALIDATE_PRODUCT = YES;
			};
			name = Release;
		};
		E9EA4A651D0E69CE00574BE4 /* Debug */ = {
			isa = XCBuildConfiguration;
			buildSettings = {
				ASSETCATALOG_COMPILER_APPICON_NAME = AppIcon;
				INFOPLIST_FILE = UIView/Info.plist;
				LD_RUNPATH_SEARCH_PATHS = "$(inherited) @executable_path/Frameworks";
				PRODUCT_BUNDLE_IDENTIFIER = test.UIView;
				PRODUCT_NAME = "$(TARGET_NAME)";
			};
			name = Debug;
		};
		E9EA4A661D0E69CE00574BE4 /* Release */ = {
			isa = XCBuildConfiguration;
			buildSettings = {
				ASSETCATALOG_COMPILER_APPICON_NAME = AppIcon;
				INFOPLIST_FILE = UIView/Info.plist;
				LD_RUNPATH_SEARCH_PATHS = "$(inherited) @executable_path/Frameworks";
				PRODUCT_BUNDLE_IDENTIFIER = test.UIView;
				PRODUCT_NAME = "$(TARGET_NAME)";
			};
			name = Release;
		};
		E9EA4A681D0E69CE00574BE4 /* Debug */ = {
			isa = XCBuildConfiguration;
			buildSettings = {
				INFOPLIST_FILE = UIViewUITests/Info.plist;
				LD_RUNPATH_SEARCH_PATHS = "$(inherited) @executable_path/Frameworks @loader_path/Frameworks";
				PRODUCT_BUNDLE_IDENTIFIER = test.UIViewUITests;
				PRODUCT_NAME = "$(TARGET_NAME)";
				TEST_TARGET_NAME = UIView;
				USES_XCTRUNNER = YES;
			};
			name = Debug;
		};
		E9EA4A691D0E69CE00574BE4 /* Release */ = {
			isa = XCBuildConfiguration;
			buildSettings = {
				INFOPLIST_FILE = UIViewUITests/Info.plist;
				LD_RUNPATH_SEARCH_PATHS = "$(inherited) @executable_path/Frameworks @loader_path/Frameworks";
				PRODUCT_BUNDLE_IDENTIFIER = test.UIViewUITests;
				PRODUCT_NAME = "$(TARGET_NAME)";
				TEST_TARGET_NAME = UIView;
				USES_XCTRUNNER = YES;
			};
			name = Release;
		};
/* End XCBuildConfiguration section */

/* Begin XCConfigurationList section */
		E9EA4A3D1D0E69CE00574BE4 /* Build configuration list for PBXProject "UIView" */ = {
			isa = XCConfigurationList;
			buildConfigurations = (
				E9EA4A621D0E69CE00574BE4 /* Debug */,
				E9EA4A631D0E69CE00574BE4 /* Release */,
			);
			defaultConfigurationIsVisible = 0;
			defaultConfigurationName = Release;
		};
		E9EA4A641D0E69CE00574BE4 /* Build configuration list for PBXNativeTarget "UIView" */ = {
			isa = XCConfigurationList;
			buildConfigurations = (
				E9EA4A651D0E69CE00574BE4 /* Debug */,
				E9EA4A661D0E69CE00574BE4 /* Release */,
			);
			defaultConfigurationIsVisible = 0;
			defaultConfigurationName = Release;
		};
		E9EA4A671D0E69CE00574BE4 /* Build configuration list for PBXNativeTarget "UIViewUITests" */ = {
			isa = XCConfigurationList;
			buildConfigurations = (
				E9EA4A681D0E69CE00574BE4 /* Debug */,
				E9EA4A691D0E69CE00574BE4 /* Release */,
			);
			defaultConfigurationIsVisible = 0;
			defaultConfigurationName = Release;
		};
/* End XCConfigurationList section */
	};
	rootObject = E9EA4A3A1D0E69CE00574BE4 /* Project object */;
}
