// !$*UTF8*$!
{
	archiveVersion = 1;
	classes = {
	};
	objectVersion = 46;
	objects = {

/* Begin PBXBuildFile section */
		E98411DB1D0A8E6400D4F085 /* main.m in Sources */ = {isa = PBXBuildFile; fileRef = E98411DA1D0A8E6400D4F085 /* main.m */; };
		E98411E61D0A8E6400D4F085 /* Assets.xcassets in Resources */ = {isa = PBXBuildFile; fileRef = E98411E51D0A8E6400D4F085 /* Assets.xcassets */; };
		E98411E91D0A8E6400D4F085 /* LaunchScreen.storyboard in Resources */ = {isa = PBXBuildFile; fileRef = E98411E71D0A8E6400D4F085 /* LaunchScreen.storyboard */; };
		E98411F41D0A8E6400D4F085 /* tableViewUITests.m in Sources */ = {isa = PBXBuildFile; fileRef = E98411F31D0A8E6400D4F085 /* tableViewUITests.m */; };
		E98412091D0A965A00D4F085 /* TVSAppDelegate.m in Sources */ = {isa = PBXBuildFile; fileRef = E98412041D0A965A00D4F085 /* TVSAppDelegate.m */; };
		E984120A1D0A965A00D4F085 /* TVSViewController.m in Sources */ = {isa = PBXBuildFile; fileRef = E98412061D0A965A00D4F085 /* TVSViewController.m */; };
		E984120B1D0A965A00D4F085 /* TVSViewController.xib in Resources */ = {isa = PBXBuildFile; fileRef = E98412071D0A965A00D4F085 /* TVSViewController.xib */; };
/* End PBXBuildFile section */

/* Begin PBXContainerItemProxy section */
		E98411F01D0A8E6400D4F085 /* PBXContainerItemProxy */ = {
			isa = PBXContainerItemProxy;
			containerPortal = E98411CE1D0A8E6400D4F085 /* Project object */;
			proxyType = 1;
			remoteGlobalIDString = E98411D51D0A8E6400D4F085;
			remoteInfo = tableView;
		};
/* End PBXContainerItemProxy section */

/* Begin PBXFileReference section */
		E98411D61D0A8E6400D4F085 /* tableView.app */ = {isa = PBXFileReference; explicitFileType = wrapper.application; includeInIndex = 0; path = tableView.app; sourceTree = BUILT_PRODUCTS_DIR; };
		E98411DA1D0A8E6400D4F085 /* main.m */ = {isa = PBXFileReference; lastKnownFileType = sourcecode.c.objc; path = main.m; sourceTree = "<group>"; };
		E98411E51D0A8E6400D4F085 /* Assets.xcassets */ = {isa = PBXFileReference; lastKnownFileType = folder.assetcatalog; path = Assets.xcassets; sourceTree = "<group>"; };
		E98411E81D0A8E6400D4F085 /* Base */ = {isa = PBXFileReference; lastKnownFileType = file.storyboard; name = Base; path = Base.lproj/LaunchScreen.storyboard; sourceTree = "<group>"; };
		E98411EA1D0A8E6400D4F085 /* Info.plist */ = {isa = PBXFileReference; lastKnownFileType = text.plist.xml; path = Info.plist; sourceTree = "<group>"; };
		E98411EF1D0A8E6400D4F085 /* tableViewUITests.xctest */ = {isa = PBXFileReference; explicitFileType = wrapper.cfbundle; includeInIndex = 0; path = tableViewUITests.xctest; sourceTree = BUILT_PRODUCTS_DIR; };
		E98411F31D0A8E6400D4F085 /* tableViewUITests.m */ = {isa = PBXFileReference; lastKnownFileType = sourcecode.c.objc; path = tableViewUITests.m; sourceTree = "<group>"; };
		E98411F51D0A8E6400D4F085 /* Info.plist */ = {isa = PBXFileReference; lastKnownFileType = text.plist.xml; path = Info.plist; sourceTree = "<group>"; };
		E98412031D0A965A00D4F085 /* TVSAppDelegate.h */ = {isa = PBXFileReference; fileEncoding = 4; lastKnownFileType = sourcecode.c.h; name = TVSAppDelegate.h; path = "../../../../../Downloads/iOSTraining-master/SampleProjects/4.1/TableViewSample/TableViewSample/TVSAppDelegate.h"; sourceTree = "<group>"; };
		E98412041D0A965A00D4F085 /* TVSAppDelegate.m */ = {isa = PBXFileReference; fileEncoding = 4; lastKnownFileType = sourcecode.c.objc; name = TVSAppDelegate.m; path = "../../../../../Downloads/iOSTraining-master/SampleProjects/4.1/TableViewSample/TableViewSample/TVSAppDelegate.m"; sourceTree = "<group>"; };
		E98412051D0A965A00D4F085 /* TVSViewController.h */ = {isa = PBXFileReference; fileEncoding = 4; lastKnownFileType = sourcecode.c.h; name = TVSViewController.h; path = "../../../../../Downloads/iOSTraining-master/SampleProjects/4.1/TableViewSample/TableViewSample/TVSViewController.h"; sourceTree = "<group>"; };
		E98412061D0A965A00D4F085 /* TVSViewController.m */ = {isa = PBXFileReference; fileEncoding = 4; lastKnownFileType = sourcecode.c.objc; name = TVSViewController.m; path = "../../../../../Downloads/iOSTraining-master/SampleProjects/4.1/TableViewSample/TableViewSample/TVSViewController.m"; sourceTree = "<group>"; };
		E98412081D0A965A00D4F085 /* en */ = {isa = PBXFileReference; lastKnownFileType = file.xib; name = en; path = "../../../../../Downloads/iOSTraining-master/SampleProjects/4.1/TableViewSample/TableViewSample/en.lproj/TVSViewController.xib"; sourceTree = "<group>"; };
/* End PBXFileReference section */

/* Begin PBXFrameworksBuildPhase section */
		E98411D31D0A8E6400D4F085 /* Frameworks */ = {
			isa = PBXFrameworksBuildPhase;
			buildActionMask = 2147483647;
			files = (
			);
			runOnlyForDeploymentPostprocessing = 0;
		};
		E98411EC1D0A8E6400D4F085 /* Frameworks */ = {
			isa = PBXFrameworksBuildPhase;
			buildActionMask = 2147483647;
			files = (
			);
			runOnlyForDeploymentPostprocessing = 0;
		};
/* End PBXFrameworksBuildPhase section */

/* Begin PBXGroup section */
		E98411CD1D0A8E6400D4F085 = {
			isa = PBXGroup;
			children = (
				E98411D81D0A8E6400D4F085 /* tableView */,
				E98411F21D0A8E6400D4F085 /* tableViewUITests */,
				E98411D71D0A8E6400D4F085 /* Products */,
			);
			sourceTree = "<group>";
		};
		E98411D71D0A8E6400D4F085 /* Products */ = {
			isa = PBXGroup;
			children = (
				E98411D61D0A8E6400D4F085 /* tableView.app */,
				E98411EF1D0A8E6400D4F085 /* tableViewUITests.xctest */,
			);
			name = Products;
			sourceTree = "<group>";
		};
		E98411D81D0A8E6400D4F085 /* tableView */ = {
			isa = PBXGroup;
			children = (
				E98412031D0A965A00D4F085 /* TVSAppDelegate.h */,
				E98412041D0A965A00D4F085 /* TVSAppDelegate.m */,
				E98412051D0A965A00D4F085 /* TVSViewController.h */,
				E98412061D0A965A00D4F085 /* TVSViewController.m */,
				E98412071D0A965A00D4F085 /* TVSViewController.xib */,
				E98411E51D0A8E6400D4F085 /* Assets.xcassets */,
				E98411E71D0A8E6400D4F085 /* LaunchScreen.storyboard */,
				E98411EA1D0A8E6400D4F085 /* Info.plist */,
				E98411D91D0A8E6400D4F085 /* Supporting Files */,
			);
			path = tableView;
			sourceTree = "<group>";
		};
		E98411D91D0A8E6400D4F085 /* Supporting Files */ = {
			isa = PBXGroup;
			children = (
				E98411DA1D0A8E6400D4F085 /* main.m */,
			);
			name = "Supporting Files";
			sourceTree = "<group>";
		};
		E98411F21D0A8E6400D4F085 /* tableViewUITests */ = {
			isa = PBXGroup;
			children = (
				E98411F31D0A8E6400D4F085 /* tableViewUITests.m */,
				E98411F51D0A8E6400D4F085 /* Info.plist */,
			);
			path = tableViewUITests;
			sourceTree = "<group>";
		};
/* End PBXGroup section */

/* Begin PBXNativeTarget section */
		E98411D51D0A8E6400D4F085 /* tableView */ = {
			isa = PBXNativeTarget;
			buildConfigurationList = E98411F81D0A8E6400D4F085 /* Build configuration list for PBXNativeTarget "tableView" */;
			buildPhases = (
				E98411D21D0A8E6400D4F085 /* Sources */,
				E98411D31D0A8E6400D4F085 /* Frameworks */,
				E98411D41D0A8E6400D4F085 /* Resources */,
			);
			buildRules = (
			);
			dependencies = (
			);
			name = tableView;
			productName = tableView;
			productReference = E98411D61D0A8E6400D4F085 /* tableView.app */;
			productType = "com.apple.product-type.application";
		};
		E98411EE1D0A8E6400D4F085 /* tableViewUITests */ = {
			isa = PBXNativeTarget;
			buildConfigurationList = E98411FB1D0A8E6400D4F085 /* Build configuration list for PBXNativeTarget "tableViewUITests" */;
			buildPhases = (
				E98411EB1D0A8E6400D4F085 /* Sources */,
				E98411EC1D0A8E6400D4F085 /* Frameworks */,
				E98411ED1D0A8E6400D4F085 /* Resources */,
			);
			buildRules = (
			);
			dependencies = (
				E98411F11D0A8E6400D4F085 /* PBXTargetDependency */,
			);
			name = tableViewUITests;
			productName = tableViewUITests;
			productReference = E98411EF1D0A8E6400D4F085 /* tableViewUITests.xctest */;
			productType = "com.apple.product-type.bundle.ui-testing";
		};
/* End PBXNativeTarget section */

/* Begin PBXProject section */
		E98411CE1D0A8E6400D4F085 /* Project object */ = {
			isa = PBXProject;
			attributes = {
				LastUpgradeCheck = 0710;
				ORGANIZATIONNAME = "Minami Kyohei";
				TargetAttributes = {
					E98411D51D0A8E6400D4F085 = {
						CreatedOnToolsVersion = 7.1.1;
					};
					E98411EE1D0A8E6400D4F085 = {
						CreatedOnToolsVersion = 7.1.1;
						TestTargetID = E98411D51D0A8E6400D4F085;
					};
				};
			};
			buildConfigurationList = E98411D11D0A8E6400D4F085 /* Build configuration list for PBXProject "tableView" */;
			compatibilityVersion = "Xcode 3.2";
			developmentRegion = English;
			hasScannedForEncodings = 0;
			knownRegions = (
				en,
				Base,
			);
			mainGroup = E98411CD1D0A8E6400D4F085;
			productRefGroup = E98411D71D0A8E6400D4F085 /* Products */;
			projectDirPath = "";
			projectRoot = "";
			targets = (
				E98411D51D0A8E6400D4F085 /* tableView */,
				E98411EE1D0A8E6400D4F085 /* tableViewUITests */,
			);
		};
/* End PBXProject section */

/* Begin PBXResourcesBuildPhase section */
		E98411D41D0A8E6400D4F085 /* Resources */ = {
			isa = PBXResourcesBuildPhase;
			buildActionMask = 2147483647;
			files = (
				E98411E91D0A8E6400D4F085 /* LaunchScreen.storyboard in Resources */,
				E98411E61D0A8E6400D4F085 /* Assets.xcassets in Resources */,
				E984120B1D0A965A00D4F085 /* TVSViewController.xib in Resources */,
			);
			runOnlyForDeploymentPostprocessing = 0;
		};
		E98411ED1D0A8E6400D4F085 /* Resources */ = {
			isa = PBXResourcesBuildPhase;
			buildActionMask = 2147483647;
			files = (
			);
			runOnlyForDeploymentPostprocessing = 0;
		};
/* End PBXResourcesBuildPhase section */

/* Begin PBXSourcesBuildPhase section */
		E98411D21D0A8E6400D4F085 /* Sources */ = {
			isa = PBXSourcesBuildPhase;
			buildActionMask = 2147483647;
			files = (
				E984120A1D0A965A00D4F085 /* TVSViewController.m in Sources */,
				E98412091D0A965A00D4F085 /* TVSAppDelegate.m in Sources */,
				E98411DB1D0A8E6400D4F085 /* main.m in Sources */,
			);
			runOnlyForDeploymentPostprocessing = 0;
		};
		E98411EB1D0A8E6400D4F085 /* Sources */ = {
			isa = PBXSourcesBuildPhase;
			buildActionMask = 2147483647;
			files = (
				E98411F41D0A8E6400D4F085 /* tableViewUITests.m in Sources */,
			);
			runOnlyForDeploymentPostprocessing = 0;
		};
/* End PBXSourcesBuildPhase section */

/* Begin PBXTargetDependency section */
		E98411F11D0A8E6400D4F085 /* PBXTargetDependency */ = {
			isa = PBXTargetDependency;
			target = E98411D51D0A8E6400D4F085 /* tableView */;
			targetProxy = E98411F01D0A8E6400D4F085 /* PBXContainerItemProxy */;
		};
/* End PBXTargetDependency section */

/* Begin PBXVariantGroup section */
		E98411E71D0A8E6400D4F085 /* LaunchScreen.storyboard */ = {
			isa = PBXVariantGroup;
			children = (
				E98411E81D0A8E6400D4F085 /* Base */,
			);
			name = LaunchScreen.storyboard;
			sourceTree = "<group>";
		};
		E98412071D0A965A00D4F085 /* TVSViewController.xib */ = {
			isa = PBXVariantGroup;
			children = (
				E98412081D0A965A00D4F085 /* en */,
			);
			name = TVSViewController.xib;
			sourceTree = "<group>";
		};
/* End PBXVariantGroup section */

/* Begin XCBuildConfiguration section */
		E98411F61D0A8E6400D4F085 /* Debug */ = {
			isa = XCBuildConfiguration;
			buildSettings = {
				ALWAYS_SEARCH_USER_PATHS = NO;
				CLANG_CXX_LANGUAGE_STANDARD = "gnu++0x";
				CLANG_CXX_LIBRARY = "libc++";
				CLANG_ENABLE_MODULES = YES;
				CLANG_ENABLE_OBJC_ARC = YES;
				CLANG_WARN_BOOL_CONVERSION = YES;
				CLANG_WARN_CONSTANT_CONVERSION = YES;
				CLANG_WARN_DIRECT_OBJC_ISA_USAGE = YES_ERROR;
				CLANG_WARN_EMPTY_BODY = YES;
				CLANG_WARN_ENUM_CONVERSION = YES;
				CLANG_WARN_INT_CONVERSION = YES;
				CLANG_WARN_OBJC_ROOT_CLASS = YES_ERROR;
				CLANG_WARN_UNREACHABLE_CODE = YES;
				CLANG_WARN__DUPLICATE_METHOD_MATCH = YES;
				"CODE_SIGN_IDENTITY[sdk=iphoneos*]" = "iPhone Developer";
				COPY_PHASE_STRIP = NO;
				DEBUG_INFORMATION_FORMAT = dwarf;
				ENABLE_STRICT_OBJC_MSGSEND = YES;
				ENABLE_TESTABILITY = YES;
				GCC_C_LANGUAGE_STANDARD = gnu99;
				GCC_DYNAMIC_NO_PIC = NO;
				GCC_NO_COMMON_BLOCKS = YES;
				GCC_OPTIMIZATION_LEVEL = 0;
				GCC_PREPROCESSOR_DEFINITIONS = (
					"DEBUG=1",
					"$(inherited)",
				);
				GCC_WARN_64_TO_32_BIT_CONVERSION = YES;
				GCC_WARN_ABOUT_RETURN_TYPE = YES_ERROR;
				GCC_WARN_UNDECLARED_SELECTOR = YES;
				GCC_WARN_UNINITIALIZED_AUTOS = YES_AGGRESSIVE;
				GCC_WARN_UNUSED_FUNCTION = YES;
				GCC_WARN_UNUSED_VARIABLE = YES;
				IPHONEOS_DEPLOYMENT_TARGET = 9.1;
				MTL_ENABLE_DEBUG_INFO = YES;
				ONLY_ACTIVE_ARCH = YES;
				SDKROOT = iphoneos;
				TARGETED_DEVICE_FAMILY = "1,2";
			};
			name = Debug;
		};
		E98411F71D0A8E6400D4F085 /* Release */ = {
			isa = XCBuildConfiguration;
			buildSettings = {
				ALWAYS_SEARCH_USER_PATHS = NO;
				CLANG_CXX_LANGUAGE_STANDARD = "gnu++0x";
				CLANG_CXX_LIBRARY = "libc++";
				CLANG_ENABLE_MODULES = YES;
				CLANG_ENABLE_OBJC_ARC = YES;
				CLANG_WARN_BOOL_CONVERSION = YES;
				CLANG_WARN_CONSTANT_CONVERSION = YES;
				CLANG_WARN_DIRECT_OBJC_ISA_USAGE = YES_ERROR;
				CLANG_WARN_EMPTY_BODY = YES;
				CLANG_WARN_ENUM_CONVERSION = YES;
				CLANG_WARN_INT_CONVERSION = YES;
				CLANG_WARN_OBJC_ROOT_CLASS = YES_ERROR;
				CLANG_WARN_UNREACHABLE_CODE = YES;
				CLANG_WARN__DUPLICATE_METHOD_MATCH = YES;
				"CODE_SIGN_IDENTITY[sdk=iphoneos*]" = "iPhone Developer";
				COPY_PHASE_STRIP = NO;
				DEBUG_INFORMATION_FORMAT = "dwarf-with-dsym";
				ENABLE_NS_ASSERTIONS = NO;
				ENABLE_STRICT_OBJC_MSGSEND = YES;
				GCC_C_LANGUAGE_STANDARD = gnu99;
				GCC_NO_COMMON_BLOCKS = YES;
				GCC_WARN_64_TO_32_BIT_CONVERSION = YES;
				GCC_WARN_ABOUT_RETURN_TYPE = YES_ERROR;
				GCC_WARN_UNDECLARED_SELECTOR = YES;
				GCC_WARN_UNINITIALIZED_AUTOS = YES_AGGRESSIVE;
				GCC_WARN_UNUSED_FUNCTION = YES;
				GCC_WARN_UNUSED_VARIABLE = YES;
				IPHONEOS_DEPLOYMENT_TARGET = 9.1;
				MTL_ENABLE_DEBUG_INFO = NO;
				SDKROOT = iphoneos;
				TARGETED_DEVICE_FAMILY = "1,2";
				VALIDATE_PRODUCT = YES;
			};
			name = Release;
		};
		E98411F91D0A8E6400D4F085 /* Debug */ = {
			isa = XCBuildConfiguration;
			buildSettings = {
				ASSETCATALOG_COMPILER_APPICON_NAME = AppIcon;
				INFOPLIST_FILE = tableView/Info.plist;
				LD_RUNPATH_SEARCH_PATHS = "$(inherited) @executable_path/Frameworks";
				PRODUCT_BUNDLE_IDENTIFIER = test.tableView;
				PRODUCT_NAME = "$(TARGET_NAME)";
			};
			name = Debug;
		};
		E98411FA1D0A8E6400D4F085 /* Release */ = {
			isa = XCBuildConfiguration;
			buildSettings = {
				ASSETCATALOG_COMPILER_APPICON_NAME = AppIcon;
				INFOPLIST_FILE = tableView/Info.plist;
				LD_RUNPATH_SEARCH_PATHS = "$(inherited) @executable_path/Frameworks";
				PRODUCT_BUNDLE_IDENTIFIER = test.tableView;
				PRODUCT_NAME = "$(TARGET_NAME)";
			};
			name = Release;
		};
		E98411FC1D0A8E6400D4F085 /* Debug */ = {
			isa = XCBuildConfiguration;
			buildSettings = {
				INFOPLIST_FILE = tableViewUITests/Info.plist;
				LD_RUNPATH_SEARCH_PATHS = "$(inherited) @executable_path/Frameworks @loader_path/Frameworks";
				PRODUCT_BUNDLE_IDENTIFIER = test.tableViewUITests;
				PRODUCT_NAME = "$(TARGET_NAME)";
				TEST_TARGET_NAME = tableView;
				USES_XCTRUNNER = YES;
			};
			name = Debug;
		};
		E98411FD1D0A8E6400D4F085 /* Release */ = {
			isa = XCBuildConfiguration;
			buildSettings = {
				INFOPLIST_FILE = tableViewUITests/Info.plist;
				LD_RUNPATH_SEARCH_PATHS = "$(inherited) @executable_path/Frameworks @loader_path/Frameworks";
				PRODUCT_BUNDLE_IDENTIFIER = test.tableViewUITests;
				PRODUCT_NAME = "$(TARGET_NAME)";
				TEST_TARGET_NAME = tableView;
				USES_XCTRUNNER = YES;
			};
			name = Release;
		};
/* End XCBuildConfiguration section */

/* Begin XCConfigurationList section */
		E98411D11D0A8E6400D4F085 /* Build configuration list for PBXProject "tableView" */ = {
			isa = XCConfigurationList;
			buildConfigurations = (
				E98411F61D0A8E6400D4F085 /* Debug */,
				E98411F71D0A8E6400D4F085 /* Release */,
			);
			defaultConfigurationIsVisible = 0;
			defaultConfigurationName = Release;
		};
		E98411F81D0A8E6400D4F085 /* Build configuration list for PBXNativeTarget "tableView" */ = {
			isa = XCConfigurationList;
			buildConfigurations = (
				E98411F91D0A8E6400D4F085 /* Debug */,
				E98411FA1D0A8E6400D4F085 /* Release */,
			);
			defaultConfigurationIsVisible = 0;
		};
		E98411FB1D0A8E6400D4F085 /* Build configuration list for PBXNativeTarget "tableViewUITests" */ = {
			isa = XCConfigurationList;
			buildConfigurations = (
				E98411FC1D0A8E6400D4F085 /* Debug */,
				E98411FD1D0A8E6400D4F085 /* Release */,
			);
			defaultConfigurationIsVisible = 0;
		};
/* End XCConfigurationList section */
	};
	rootObject = E98411CE1D0A8E6400D4F085 /* Project object */;
}
