// !$*UTF8*$!
{
	archiveVersion = 1;
	classes = {
	};
	objectVersion = 46;
	objects = {

/* Begin PBXBuildFile section */
		E9E994441D094DF4006EF2C7 /* main.m in Sources */ = {isa = PBXBuildFile; fileRef = E9E994431D094DF4006EF2C7 /* main.m */; };
		E9E994471D094DF4006EF2C7 /* AppDelegate.m in Sources */ = {isa = PBXBuildFile; fileRef = E9E994461D094DF4006EF2C7 /* AppDelegate.m */; };
		E9E9944A1D094DF4006EF2C7 /* ViewController.m in Sources */ = {isa = PBXBuildFile; fileRef = E9E994491D094DF4006EF2C7 /* ViewController.m */; };
		E9E9944D1D094DF4006EF2C7 /* Main.storyboard in Resources */ = {isa = PBXBuildFile; fileRef = E9E9944B1D094DF4006EF2C7 /* Main.storyboard */; };
		E9E9944F1D094DF4006EF2C7 /* Assets.xcassets in Resources */ = {isa = PBXBuildFile; fileRef = E9E9944E1D094DF4006EF2C7 /* Assets.xcassets */; };
		E9E994521D094DF4006EF2C7 /* LaunchScreen.storyboard in Resources */ = {isa = PBXBuildFile; fileRef = E9E994501D094DF4006EF2C7 /* LaunchScreen.storyboard */; };
		E9E9945D1D094DF4006EF2C7 /* practiceUITests.m in Sources */ = {isa = PBXBuildFile; fileRef = E9E9945C1D094DF4006EF2C7 /* practiceUITests.m */; };
		E9E994691D094E18006EF2C7 /* NewViewController.m in Sources */ = {isa = PBXBuildFile; fileRef = E9E994681D094E18006EF2C7 /* NewViewController.m */; };
/* End PBXBuildFile section */

/* Begin PBXContainerItemProxy section */
		E9E994591D094DF4006EF2C7 /* PBXContainerItemProxy */ = {
			isa = PBXContainerItemProxy;
			containerPortal = E9E994371D094DF4006EF2C7 /* Project object */;
			proxyType = 1;
			remoteGlobalIDString = E9E9943E1D094DF4006EF2C7;
			remoteInfo = practice;
		};
/* End PBXContainerItemProxy section */

/* Begin PBXFileReference section */
		E9E9943F1D094DF4006EF2C7 /* practice.app */ = {isa = PBXFileReference; explicitFileType = wrapper.application; includeInIndex = 0; path = practice.app; sourceTree = BUILT_PRODUCTS_DIR; };
		E9E994431D094DF4006EF2C7 /* main.m */ = {isa = PBXFileReference; lastKnownFileType = sourcecode.c.objc; path = main.m; sourceTree = "<group>"; };
		E9E994451D094DF4006EF2C7 /* AppDelegate.h */ = {isa = PBXFileReference; lastKnownFileType = sourcecode.c.h; path = AppDelegate.h; sourceTree = "<group>"; };
		E9E994461D094DF4006EF2C7 /* AppDelegate.m */ = {isa = PBXFileReference; lastKnownFileType = sourcecode.c.objc; path = AppDelegate.m; sourceTree = "<group>"; };
		E9E994481D094DF4006EF2C7 /* ViewController.h */ = {isa = PBXFileReference; lastKnownFileType = sourcecode.c.h; path = ViewController.h; sourceTree = "<group>"; };
		E9E994491D094DF4006EF2C7 /* ViewController.m */ = {isa = PBXFileReference; lastKnownFileType = sourcecode.c.objc; path = ViewController.m; sourceTree = "<group>"; };
		E9E9944C1D094DF4006EF2C7 /* Base */ = {isa = PBXFileReference; lastKnownFileType = file.storyboard; name = Base; path = Base.lproj/Main.storyboard; sourceTree = "<group>"; };
		E9E9944E1D094DF4006EF2C7 /* Assets.xcassets */ = {isa = PBXFileReference; lastKnownFileType = folder.assetcatalog; path = Assets.xcassets; sourceTree = "<group>"; };
		E9E994511D094DF4006EF2C7 /* Base */ = {isa = PBXFileReference; lastKnownFileType = file.storyboard; name = Base; path = Base.lproj/LaunchScreen.storyboard; sourceTree = "<group>"; };
		E9E994531D094DF4006EF2C7 /* Info.plist */ = {isa = PBXFileReference; lastKnownFileType = text.plist.xml; path = Info.plist; sourceTree = "<group>"; };
		E9E994581D094DF4006EF2C7 /* practiceUITests.xctest */ = {isa = PBXFileReference; explicitFileType = wrapper.cfbundle; includeInIndex = 0; path = practiceUITests.xctest; sourceTree = BUILT_PRODUCTS_DIR; };
		E9E9945C1D094DF4006EF2C7 /* practiceUITests.m */ = {isa = PBXFileReference; lastKnownFileType = sourcecode.c.objc; path = practiceUITests.m; sourceTree = "<group>"; };
		E9E9945E1D094DF4006EF2C7 /* Info.plist */ = {isa = PBXFileReference; lastKnownFileType = text.plist.xml; path = Info.plist; sourceTree = "<group>"; };
		E9E994671D094E18006EF2C7 /* NewViewController.h */ = {isa = PBXFileReference; fileEncoding = 4; lastKnownFileType = sourcecode.c.h; name = NewViewController.h; path = ../NewViewController.h; sourceTree = "<group>"; };
		E9E994681D094E18006EF2C7 /* NewViewController.m */ = {isa = PBXFileReference; fileEncoding = 4; lastKnownFileType = sourcecode.c.objc; name = NewViewController.m; path = ../NewViewController.m; sourceTree = "<group>"; };
/* End PBXFileReference section */

/* Begin PBXFrameworksBuildPhase section */
		E9E9943C1D094DF4006EF2C7 /* Frameworks */ = {
			isa = PBXFrameworksBuildPhase;
			buildActionMask = 2147483647;
			files = (
			);
			runOnlyForDeploymentPostprocessing = 0;
		};
		E9E994551D094DF4006EF2C7 /* Frameworks */ = {
			isa = PBXFrameworksBuildPhase;
			buildActionMask = 2147483647;
			files = (
			);
			runOnlyForDeploymentPostprocessing = 0;
		};
/* End PBXFrameworksBuildPhase section */

/* Begin PBXGroup section */
		E9E994361D094DF4006EF2C7 = {
			isa = PBXGroup;
			children = (
				E9E994411D094DF4006EF2C7 /* practice */,
				E9E9945B1D094DF4006EF2C7 /* practiceUITests */,
				E9E994401D094DF4006EF2C7 /* Products */,
			);
			sourceTree = "<group>";
		};
		E9E994401D094DF4006EF2C7 /* Products */ = {
			isa = PBXGroup;
			children = (
				E9E9943F1D094DF4006EF2C7 /* practice.app */,
				E9E994581D094DF4006EF2C7 /* practiceUITests.xctest */,
			);
			name = Products;
			sourceTree = "<group>";
		};
		E9E994411D094DF4006EF2C7 /* practice */ = {
			isa = PBXGroup;
			children = (
				E9E994671D094E18006EF2C7 /* NewViewController.h */,
				E9E994681D094E18006EF2C7 /* NewViewController.m */,
				E9E994451D094DF4006EF2C7 /* AppDelegate.h */,
				E9E994461D094DF4006EF2C7 /* AppDelegate.m */,
				E9E994481D094DF4006EF2C7 /* ViewController.h */,
				E9E994491D094DF4006EF2C7 /* ViewController.m */,
				E9E9944B1D094DF4006EF2C7 /* Main.storyboard */,
				E9E9944E1D094DF4006EF2C7 /* Assets.xcassets */,
				E9E994501D094DF4006EF2C7 /* LaunchScreen.storyboard */,
				E9E994531D094DF4006EF2C7 /* Info.plist */,
				E9E994421D094DF4006EF2C7 /* Supporting Files */,
			);
			path = practice;
			sourceTree = "<group>";
		};
		E9E994421D094DF4006EF2C7 /* Supporting Files */ = {
			isa = PBXGroup;
			children = (
				E9E994431D094DF4006EF2C7 /* main.m */,
			);
			name = "Supporting Files";
			sourceTree = "<group>";
		};
		E9E9945B1D094DF4006EF2C7 /* practiceUITests */ = {
			isa = PBXGroup;
			children = (
				E9E9945C1D094DF4006EF2C7 /* practiceUITests.m */,
				E9E9945E1D094DF4006EF2C7 /* Info.plist */,
			);
			path = practiceUITests;
			sourceTree = "<group>";
		};
/* End PBXGroup section */

/* Begin PBXNativeTarget section */
		E9E9943E1D094DF4006EF2C7 /* practice */ = {
			isa = PBXNativeTarget;
			buildConfigurationList = E9E994611D094DF4006EF2C7 /* Build configuration list for PBXNativeTarget "practice" */;
			buildPhases = (
				E9E9943B1D094DF4006EF2C7 /* Sources */,
				E9E9943C1D094DF4006EF2C7 /* Frameworks */,
				E9E9943D1D094DF4006EF2C7 /* Resources */,
			);
			buildRules = (
			);
			dependencies = (
			);
			name = practice;
			productName = practice;
			productReference = E9E9943F1D094DF4006EF2C7 /* practice.app */;
			productType = "com.apple.product-type.application";
		};
		E9E994571D094DF4006EF2C7 /* practiceUITests */ = {
			isa = PBXNativeTarget;
			buildConfigurationList = E9E994641D094DF4006EF2C7 /* Build configuration list for PBXNativeTarget "practiceUITests" */;
			buildPhases = (
				E9E994541D094DF4006EF2C7 /* Sources */,
				E9E994551D094DF4006EF2C7 /* Frameworks */,
				E9E994561D094DF4006EF2C7 /* Resources */,
			);
			buildRules = (
			);
			dependencies = (
				E9E9945A1D094DF4006EF2C7 /* PBXTargetDependency */,
			);
			name = practiceUITests;
			productName = practiceUITests;
			productReference = E9E994581D094DF4006EF2C7 /* practiceUITests.xctest */;
			productType = "com.apple.product-type.bundle.ui-testing";
		};
/* End PBXNativeTarget section */

/* Begin PBXProject section */
		E9E994371D094DF4006EF2C7 /* Project object */ = {
			isa = PBXProject;
			attributes = {
				LastUpgradeCheck = 0710;
				ORGANIZATIONNAME = "Minami Kyohei";
				TargetAttributes = {
					E9E9943E1D094DF4006EF2C7 = {
						CreatedOnToolsVersion = 7.1.1;
					};
					E9E994571D094DF4006EF2C7 = {
						CreatedOnToolsVersion = 7.1.1;
						TestTargetID = E9E9943E1D094DF4006EF2C7;
					};
				};
			};
			buildConfigurationList = E9E9943A1D094DF4006EF2C7 /* Build configuration list for PBXProject "practice" */;
			compatibilityVersion = "Xcode 3.2";
			developmentRegion = English;
			hasScannedForEncodings = 0;
			knownRegions = (
				en,
				Base,
			);
			mainGroup = E9E994361D094DF4006EF2C7;
			productRefGroup = E9E994401D094DF4006EF2C7 /* Products */;
			projectDirPath = "";
			projectRoot = "";
			targets = (
				E9E9943E1D094DF4006EF2C7 /* practice */,
				E9E994571D094DF4006EF2C7 /* practiceUITests */,
			);
		};
/* End PBXProject section */

/* Begin PBXResourcesBuildPhase section */
		E9E9943D1D094DF4006EF2C7 /* Resources */ = {
			isa = PBXResourcesBuildPhase;
			buildActionMask = 2147483647;
			files = (
				E9E994521D094DF4006EF2C7 /* LaunchScreen.storyboard in Resources */,
				E9E9944F1D094DF4006EF2C7 /* Assets.xcassets in Resources */,
				E9E9944D1D094DF4006EF2C7 /* Main.storyboard in Resources */,
			);
			runOnlyForDeploymentPostprocessing = 0;
		};
		E9E994561D094DF4006EF2C7 /* Resources */ = {
			isa = PBXResourcesBuildPhase;
			buildActionMask = 2147483647;
			files = (
			);
			runOnlyForDeploymentPostprocessing = 0;
		};
/* End PBXResourcesBuildPhase section */

/* Begin PBXSourcesBuildPhase section */
		E9E9943B1D094DF4006EF2C7 /* Sources */ = {
			isa = PBXSourcesBuildPhase;
			buildActionMask = 2147483647;
			files = (
				E9E9944A1D094DF4006EF2C7 /* ViewController.m in Sources */,
				E9E994471D094DF4006EF2C7 /* AppDelegate.m in Sources */,
				E9E994441D094DF4006EF2C7 /* main.m in Sources */,
				E9E994691D094E18006EF2C7 /* NewViewController.m in Sources */,
			);
			runOnlyForDeploymentPostprocessing = 0;
		};
		E9E994541D094DF4006EF2C7 /* Sources */ = {
			isa = PBXSourcesBuildPhase;
			buildActionMask = 2147483647;
			files = (
				E9E9945D1D094DF4006EF2C7 /* practiceUITests.m in Sources */,
			);
			runOnlyForDeploymentPostprocessing = 0;
		};
/* End PBXSourcesBuildPhase section */

/* Begin PBXTargetDependency section */
		E9E9945A1D094DF4006EF2C7 /* PBXTargetDependency */ = {
			isa = PBXTargetDependency;
			target = E9E9943E1D094DF4006EF2C7 /* practice */;
			targetProxy = E9E994591D094DF4006EF2C7 /* PBXContainerItemProxy */;
		};
/* End PBXTargetDependency section */

/* Begin PBXVariantGroup section */
		E9E9944B1D094DF4006EF2C7 /* Main.storyboard */ = {
			isa = PBXVariantGroup;
			children = (
				E9E9944C1D094DF4006EF2C7 /* Base */,
			);
			name = Main.storyboard;
			sourceTree = "<group>";
		};
		E9E994501D094DF4006EF2C7 /* LaunchScreen.storyboard */ = {
			isa = PBXVariantGroup;
			children = (
				E9E994511D094DF4006EF2C7 /* Base */,
			);
			name = LaunchScreen.storyboard;
			sourceTree = "<group>";
		};
/* End PBXVariantGroup section */

/* Begin XCBuildConfiguration section */
		E9E9945F1D094DF4006EF2C7 /* Debug */ = {
			isa = XCBuildConfiguration;
			buildSettings = {
				ALWAYS_SEARCH_USER_PATHS = NO;
				CLANG_CXX_LANGUAGE_STANDARD = "gnu++0x";
				CLANG_CXX_LIBRARY = "libc++";
				CLANG_ENABLE_MODULES = YES;
				CLANG_ENABLE_OBJC_ARC = YES;
				CLANG_WARN_BOOL_CONVERSION = YES;
				CLANG_WARN_CONSTANT_CONVERSION = YES;
				CLANG_WARN_DIRECT_OBJC_ISA_USAGE = YES_ERROR;
				CLANG_WARN_EMPTY_BODY = YES;
				CLANG_WARN_ENUM_CONVERSION = YES;
				CLANG_WARN_INT_CONVERSION = YES;
				CLANG_WARN_OBJC_ROOT_CLASS = YES_ERROR;
				CLANG_WARN_UNREACHABLE_CODE = YES;
				CLANG_WARN__DUPLICATE_METHOD_MATCH = YES;
				"CODE_SIGN_IDENTITY[sdk=iphoneos*]" = "iPhone Developer";
				COPY_PHASE_STRIP = NO;
				DEBUG_INFORMATION_FORMAT = dwarf;
				ENABLE_STRICT_OBJC_MSGSEND = YES;
				ENABLE_TESTABILITY = YES;
				GCC_C_LANGUAGE_STANDARD = gnu99;
				GCC_DYNAMIC_NO_PIC = NO;
				GCC_NO_COMMON_BLOCKS = YES;
				GCC_OPTIMIZATION_LEVEL = 0;
				GCC_PREPROCESSOR_DEFINITIONS = (
					"DEBUG=1",
					"$(inherited)",
				);
				GCC_WARN_64_TO_32_BIT_CONVERSION = YES;
				GCC_WARN_ABOUT_RETURN_TYPE = YES_ERROR;
				GCC_WARN_UNDECLARED_SELECTOR = YES;
				GCC_WARN_UNINITIALIZED_AUTOS = YES_AGGRESSIVE;
				GCC_WARN_UNUSED_FUNCTION = YES;
				GCC_WARN_UNUSED_VARIABLE = YES;
				IPHONEOS_DEPLOYMENT_TARGET = 9.1;
				MTL_ENABLE_DEBUG_INFO = YES;
				ONLY_ACTIVE_ARCH = YES;
				SDKROOT = iphoneos;
				TARGETED_DEVICE_FAMILY = "1,2";
			};
			name = Debug;
		};
		E9E994601D094DF4006EF2C7 /* Release */ = {
			isa = XCBuildConfiguration;
			buildSettings = {
				ALWAYS_SEARCH_USER_PATHS = NO;
				CLANG_CXX_LANGUAGE_STANDARD = "gnu++0x";
				CLANG_CXX_LIBRARY = "libc++";
				CLANG_ENABLE_MODULES = YES;
				CLANG_ENABLE_OBJC_ARC = YES;
				CLANG_WARN_BOOL_CONVERSION = YES;
				CLANG_WARN_CONSTANT_CONVERSION = YES;
				CLANG_WARN_DIRECT_OBJC_ISA_USAGE = YES_ERROR;
				CLANG_WARN_EMPTY_BODY = YES;
				CLANG_WARN_ENUM_CONVERSION = YES;
				CLANG_WARN_INT_CONVERSION = YES;
				CLANG_WARN_OBJC_ROOT_CLASS = YES_ERROR;
				CLANG_WARN_UNREACHABLE_CODE = YES;
				CLANG_WARN__DUPLICATE_METHOD_MATCH = YES;
				"CODE_SIGN_IDENTITY[sdk=iphoneos*]" = "iPhone Developer";
				COPY_PHASE_STRIP = NO;
				DEBUG_INFORMATION_FORMAT = "dwarf-with-dsym";
				ENABLE_NS_ASSERTIONS = NO;
				ENABLE_STRICT_OBJC_MSGSEND = YES;
				GCC_C_LANGUAGE_STANDARD = gnu99;
				GCC_NO_COMMON_BLOCKS = YES;
				GCC_WARN_64_TO_32_BIT_CONVERSION = YES;
				GCC_WARN_ABOUT_RETURN_TYPE = YES_ERROR;
				GCC_WARN_UNDECLARED_SELECTOR = YES;
				GCC_WARN_UNINITIALIZED_AUTOS = YES_AGGRESSIVE;
				GCC_WARN_UNUSED_FUNCTION = YES;
				GCC_WARN_UNUSED_VARIABLE = YES;
				IPHONEOS_DEPLOYMENT_TARGET = 9.1;
				MTL_ENABLE_DEBUG_INFO = NO;
				SDKROOT = iphoneos;
				TARGETED_DEVICE_FAMILY = "1,2";
				VALIDATE_PRODUCT = YES;
			};
			name = Release;
		};
		E9E994621D094DF4006EF2C7 /* Debug */ = {
			isa = XCBuildConfiguration;
			buildSettings = {
				ASSETCATALOG_COMPILER_APPICON_NAME = AppIcon;
				INFOPLIST_FILE = practice/Info.plist;
				LD_RUNPATH_SEARCH_PATHS = "$(inherited) @executable_path/Frameworks";
				PRODUCT_BUNDLE_IDENTIFIER = test.practice;
				PRODUCT_NAME = "$(TARGET_NAME)";
			};
			name = Debug;
		};
		E9E994631D094DF4006EF2C7 /* Release */ = {
			isa = XCBuildConfiguration;
			buildSettings = {
				ASSETCATALOG_COMPILER_APPICON_NAME = AppIcon;
				INFOPLIST_FILE = practice/Info.plist;
				LD_RUNPATH_SEARCH_PATHS = "$(inherited) @executable_path/Frameworks";
				PRODUCT_BUNDLE_IDENTIFIER = test.practice;
				PRODUCT_NAME = "$(TARGET_NAME)";
			};
			name = Release;
		};
		E9E994651D094DF4006EF2C7 /* Debug */ = {
			isa = XCBuildConfiguration;
			buildSettings = {
				INFOPLIST_FILE = practiceUITests/Info.plist;
				LD_RUNPATH_SEARCH_PATHS = "$(inherited) @executable_path/Frameworks @loader_path/Frameworks";
				PRODUCT_BUNDLE_IDENTIFIER = test.practiceUITests;
				PRODUCT_NAME = "$(TARGET_NAME)";
				TEST_TARGET_NAME = practice;
				USES_XCTRUNNER = YES;
			};
			name = Debug;
		};
		E9E994661D094DF4006EF2C7 /* Release */ = {
			isa = XCBuildConfiguration;
			buildSettings = {
				INFOPLIST_FILE = practiceUITests/Info.plist;
				LD_RUNPATH_SEARCH_PATHS = "$(inherited) @executable_path/Frameworks @loader_path/Frameworks";
				PRODUCT_BUNDLE_IDENTIFIER = test.practiceUITests;
				PRODUCT_NAME = "$(TARGET_NAME)";
				TEST_TARGET_NAME = practice;
				USES_XCTRUNNER = YES;
			};
			name = Release;
		};
/* End XCBuildConfiguration section */

/* Begin XCConfigurationList section */
		E9E9943A1D094DF4006EF2C7 /* Build configuration list for PBXProject "practice" */ = {
			isa = XCConfigurationList;
			buildConfigurations = (
				E9E9945F1D094DF4006EF2C7 /* Debug */,
				E9E994601D094DF4006EF2C7 /* Release */,
			);
			defaultConfigurationIsVisible = 0;
			defaultConfigurationName = Release;
		};
		E9E994611D094DF4006EF2C7 /* Build configuration list for PBXNativeTarget "practice" */ = {
			isa = XCConfigurationList;
			buildConfigurations = (
				E9E994621D094DF4006EF2C7 /* Debug */,
				E9E994631D094DF4006EF2C7 /* Release */,
			);
			defaultConfigurationIsVisible = 0;
		};
		E9E994641D094DF4006EF2C7 /* Build configuration list for PBXNativeTarget "practiceUITests" */ = {
			isa = XCConfigurationList;
			buildConfigurations = (
				E9E994651D094DF4006EF2C7 /* Debug */,
				E9E994661D094DF4006EF2C7 /* Release */,
			);
			defaultConfigurationIsVisible = 0;
		};
/* End XCConfigurationList section */
	};
	rootObject = E9E994371D094DF4006EF2C7 /* Project object */;
}
