// !$*UTF8*$!
{
	archiveVersion = 1;
	classes = {
	};
	objectVersion = 46;
	objects = {

/* Begin PBXBuildFile section */
		E98412EC1D0AAF3B00D4F085 /* main.m in Sources */ = {isa = PBXBuildFile; fileRef = E98412EB1D0AAF3B00D4F085 /* main.m */; };
		E98412EF1D0AAF3B00D4F085 /* AppDelegate.m in Sources */ = {isa = PBXBuildFile; fileRef = E98412EE1D0AAF3B00D4F085 /* AppDelegate.m */; };
		E98412F21D0AAF3B00D4F085 /* ViewController.m in Sources */ = {isa = PBXBuildFile; fileRef = E98412F11D0AAF3B00D4F085 /* ViewController.m */; };
		E98412F51D0AAF3B00D4F085 /* Main.storyboard in Resources */ = {isa = PBXBuildFile; fileRef = E98412F31D0AAF3B00D4F085 /* Main.storyboard */; };
		E98412F71D0AAF3B00D4F085 /* Assets.xcassets in Resources */ = {isa = PBXBuildFile; fileRef = E98412F61D0AAF3B00D4F085 /* Assets.xcassets */; };
		E98412FA1D0AAF3B00D4F085 /* LaunchScreen.storyboard in Resources */ = {isa = PBXBuildFile; fileRef = E98412F81D0AAF3B00D4F085 /* LaunchScreen.storyboard */; };
		E98413051D0AAF3B00D4F085 /* customUITests.m in Sources */ = {isa = PBXBuildFile; fileRef = E98413041D0AAF3B00D4F085 /* customUITests.m */; };
		E98413121D0AAF5700D4F085 /* TableViewCell.m in Sources */ = {isa = PBXBuildFile; fileRef = E98413101D0AAF5700D4F085 /* TableViewCell.m */; };
		E98413131D0AAF5700D4F085 /* TableViewCell.xib in Resources */ = {isa = PBXBuildFile; fileRef = E98413111D0AAF5700D4F085 /* TableViewCell.xib */; };
		E98413161D0AB02500D4F085 /* cloud.png in Resources */ = {isa = PBXBuildFile; fileRef = E98413141D0AB02500D4F085 /* cloud.png */; };
		E98413171D0AB02500D4F085 /* girl.jpeg in Resources */ = {isa = PBXBuildFile; fileRef = E98413151D0AB02500D4F085 /* girl.jpeg */; };
/* End PBXBuildFile section */

/* Begin PBXContainerItemProxy section */
		E98413011D0AAF3B00D4F085 /* PBXContainerItemProxy */ = {
			isa = PBXContainerItemProxy;
			containerPortal = E98412DF1D0AAF3B00D4F085 /* Project object */;
			proxyType = 1;
			remoteGlobalIDString = E98412E61D0AAF3B00D4F085;
			remoteInfo = custom;
		};
/* End PBXContainerItemProxy section */

/* Begin PBXFileReference section */
		E98412E71D0AAF3B00D4F085 /* custom.app */ = {isa = PBXFileReference; explicitFileType = wrapper.application; includeInIndex = 0; path = custom.app; sourceTree = BUILT_PRODUCTS_DIR; };
		E98412EB1D0AAF3B00D4F085 /* main.m */ = {isa = PBXFileReference; lastKnownFileType = sourcecode.c.objc; path = main.m; sourceTree = "<group>"; };
		E98412ED1D0AAF3B00D4F085 /* AppDelegate.h */ = {isa = PBXFileReference; lastKnownFileType = sourcecode.c.h; path = AppDelegate.h; sourceTree = "<group>"; };
		E98412EE1D0AAF3B00D4F085 /* AppDelegate.m */ = {isa = PBXFileReference; lastKnownFileType = sourcecode.c.objc; path = AppDelegate.m; sourceTree = "<group>"; };
		E98412F01D0AAF3B00D4F085 /* ViewController.h */ = {isa = PBXFileReference; lastKnownFileType = sourcecode.c.h; path = ViewController.h; sourceTree = "<group>"; };
		E98412F11D0AAF3B00D4F085 /* ViewController.m */ = {isa = PBXFileReference; lastKnownFileType = sourcecode.c.objc; path = ViewController.m; sourceTree = "<group>"; };
		E98412F41D0AAF3B00D4F085 /* Base */ = {isa = PBXFileReference; lastKnownFileType = file.storyboard; name = Base; path = Base.lproj/Main.storyboard; sourceTree = "<group>"; };
		E98412F61D0AAF3B00D4F085 /* Assets.xcassets */ = {isa = PBXFileReference; lastKnownFileType = folder.assetcatalog; path = Assets.xcassets; sourceTree = "<group>"; };
		E98412F91D0AAF3B00D4F085 /* Base */ = {isa = PBXFileReference; lastKnownFileType = file.storyboard; name = Base; path = Base.lproj/LaunchScreen.storyboard; sourceTree = "<group>"; };
		E98412FB1D0AAF3B00D4F085 /* Info.plist */ = {isa = PBXFileReference; lastKnownFileType = text.plist.xml; path = Info.plist; sourceTree = "<group>"; };
		E98413001D0AAF3B00D4F085 /* customUITests.xctest */ = {isa = PBXFileReference; explicitFileType = wrapper.cfbundle; includeInIndex = 0; path = customUITests.xctest; sourceTree = BUILT_PRODUCTS_DIR; };
		E98413041D0AAF3B00D4F085 /* customUITests.m */ = {isa = PBXFileReference; lastKnownFileType = sourcecode.c.objc; path = customUITests.m; sourceTree = "<group>"; };
		E98413061D0AAF3B00D4F085 /* Info.plist */ = {isa = PBXFileReference; lastKnownFileType = text.plist.xml; path = Info.plist; sourceTree = "<group>"; };
		E984130F1D0AAF5700D4F085 /* TableViewCell.h */ = {isa = PBXFileReference; fileEncoding = 4; lastKnownFileType = sourcecode.c.h; name = TableViewCell.h; path = ../TableViewCell.h; sourceTree = "<group>"; };
		E98413101D0AAF5700D4F085 /* TableViewCell.m */ = {isa = PBXFileReference; fileEncoding = 4; lastKnownFileType = sourcecode.c.objc; name = TableViewCell.m; path = ../TableViewCell.m; sourceTree = "<group>"; };
		E98413111D0AAF5700D4F085 /* TableViewCell.xib */ = {isa = PBXFileReference; fileEncoding = 4; lastKnownFileType = file.xib; name = TableViewCell.xib; path = ../TableViewCell.xib; sourceTree = "<group>"; };
		E98413141D0AB02500D4F085 /* cloud.png */ = {isa = PBXFileReference; lastKnownFileType = image.png; name = cloud.png; path = ../../../../../Downloads/cloud.png; sourceTree = "<group>"; };
		E98413151D0AB02500D4F085 /* girl.jpeg */ = {isa = PBXFileReference; lastKnownFileType = image.jpeg; name = girl.jpeg; path = ../../../../../Downloads/girl.jpeg; sourceTree = "<group>"; };
/* End PBXFileReference section */

/* Begin PBXFrameworksBuildPhase section */
		E98412E41D0AAF3B00D4F085 /* Frameworks */ = {
			isa = PBXFrameworksBuildPhase;
			buildActionMask = 2147483647;
			files = (
			);
			runOnlyForDeploymentPostprocessing = 0;
		};
		E98412FD1D0AAF3B00D4F085 /* Frameworks */ = {
			isa = PBXFrameworksBuildPhase;
			buildActionMask = 2147483647;
			files = (
			);
			runOnlyForDeploymentPostprocessing = 0;
		};
/* End PBXFrameworksBuildPhase section */

/* Begin PBXGroup section */
		E98412DE1D0AAF3B00D4F085 = {
			isa = PBXGroup;
			children = (
				E98412E91D0AAF3B00D4F085 /* custom */,
				E98413031D0AAF3B00D4F085 /* customUITests */,
				E98412E81D0AAF3B00D4F085 /* Products */,
			);
			sourceTree = "<group>";
		};
		E98412E81D0AAF3B00D4F085 /* Products */ = {
			isa = PBXGroup;
			children = (
				E98412E71D0AAF3B00D4F085 /* custom.app */,
				E98413001D0AAF3B00D4F085 /* customUITests.xctest */,
			);
			name = Products;
			sourceTree = "<group>";
		};
		E98412E91D0AAF3B00D4F085 /* custom */ = {
			isa = PBXGroup;
			children = (
				E984130F1D0AAF5700D4F085 /* TableViewCell.h */,
				E98413101D0AAF5700D4F085 /* TableViewCell.m */,
				E98413111D0AAF5700D4F085 /* TableViewCell.xib */,
				E98412ED1D0AAF3B00D4F085 /* AppDelegate.h */,
				E98412EE1D0AAF3B00D4F085 /* AppDelegate.m */,
				E98412F01D0AAF3B00D4F085 /* ViewController.h */,
				E98412F11D0AAF3B00D4F085 /* ViewController.m */,
				E98413141D0AB02500D4F085 /* cloud.png */,
				E98413151D0AB02500D4F085 /* girl.jpeg */,
				E98412F31D0AAF3B00D4F085 /* Main.storyboard */,
				E98412F61D0AAF3B00D4F085 /* Assets.xcassets */,
				E98412F81D0AAF3B00D4F085 /* LaunchScreen.storyboard */,
				E98412FB1D0AAF3B00D4F085 /* Info.plist */,
				E98412EA1D0AAF3B00D4F085 /* Supporting Files */,
			);
			path = custom;
			sourceTree = "<group>";
		};
		E98412EA1D0AAF3B00D4F085 /* Supporting Files */ = {
			isa = PBXGroup;
			children = (
				E98412EB1D0AAF3B00D4F085 /* main.m */,
			);
			name = "Supporting Files";
			sourceTree = "<group>";
		};
		E98413031D0AAF3B00D4F085 /* customUITests */ = {
			isa = PBXGroup;
			children = (
				E98413041D0AAF3B00D4F085 /* customUITests.m */,
				E98413061D0AAF3B00D4F085 /* Info.plist */,
			);
			path = customUITests;
			sourceTree = "<group>";
		};
/* End PBXGroup section */

/* Begin PBXNativeTarget section */
		E98412E61D0AAF3B00D4F085 /* custom */ = {
			isa = PBXNativeTarget;
			buildConfigurationList = E98413091D0AAF3B00D4F085 /* Build configuration list for PBXNativeTarget "custom" */;
			buildPhases = (
				E98412E31D0AAF3B00D4F085 /* Sources */,
				E98412E41D0AAF3B00D4F085 /* Frameworks */,
				E98412E51D0AAF3B00D4F085 /* Resources */,
			);
			buildRules = (
			);
			dependencies = (
			);
			name = custom;
			productName = custom;
			productReference = E98412E71D0AAF3B00D4F085 /* custom.app */;
			productType = "com.apple.product-type.application";
		};
		E98412FF1D0AAF3B00D4F085 /* customUITests */ = {
			isa = PBXNativeTarget;
			buildConfigurationList = E984130C1D0AAF3B00D4F085 /* Build configuration list for PBXNativeTarget "customUITests" */;
			buildPhases = (
				E98412FC1D0AAF3B00D4F085 /* Sources */,
				E98412FD1D0AAF3B00D4F085 /* Frameworks */,
				E98412FE1D0AAF3B00D4F085 /* Resources */,
			);
			buildRules = (
			);
			dependencies = (
				E98413021D0AAF3B00D4F085 /* PBXTargetDependency */,
			);
			name = customUITests;
			productName = customUITests;
			productReference = E98413001D0AAF3B00D4F085 /* customUITests.xctest */;
			productType = "com.apple.product-type.bundle.ui-testing";
		};
/* End PBXNativeTarget section */

/* Begin PBXProject section */
		E98412DF1D0AAF3B00D4F085 /* Project object */ = {
			isa = PBXProject;
			attributes = {
				LastUpgradeCheck = 0710;
				ORGANIZATIONNAME = "Minami Kyohei";
				TargetAttributes = {
					E98412E61D0AAF3B00D4F085 = {
						CreatedOnToolsVersion = 7.1.1;
					};
					E98412FF1D0AAF3B00D4F085 = {
						CreatedOnToolsVersion = 7.1.1;
						TestTargetID = E98412E61D0AAF3B00D4F085;
					};
				};
			};
			buildConfigurationList = E98412E21D0AAF3B00D4F085 /* Build configuration list for PBXProject "custom" */;
			compatibilityVersion = "Xcode 3.2";
			developmentRegion = English;
			hasScannedForEncodings = 0;
			knownRegions = (
				en,
				Base,
			);
			mainGroup = E98412DE1D0AAF3B00D4F085;
			productRefGroup = E98412E81D0AAF3B00D4F085 /* Products */;
			projectDirPath = "";
			projectRoot = "";
			targets = (
				E98412E61D0AAF3B00D4F085 /* custom */,
				E98412FF1D0AAF3B00D4F085 /* customUITests */,
			);
		};
/* End PBXProject section */

/* Begin PBXResourcesBuildPhase section */
		E98412E51D0AAF3B00D4F085 /* Resources */ = {
			isa = PBXResourcesBuildPhase;
			buildActionMask = 2147483647;
			files = (
				E98412FA1D0AAF3B00D4F085 /* LaunchScreen.storyboard in Resources */,
				E98413131D0AAF5700D4F085 /* TableViewCell.xib in Resources */,
				E98412F71D0AAF3B00D4F085 /* Assets.xcassets in Resources */,
				E98413161D0AB02500D4F085 /* cloud.png in Resources */,
				E98412F51D0AAF3B00D4F085 /* Main.storyboard in Resources */,
				E98413171D0AB02500D4F085 /* girl.jpeg in Resources */,
			);
			runOnlyForDeploymentPostprocessing = 0;
		};
		E98412FE1D0AAF3B00D4F085 /* Resources */ = {
			isa = PBXResourcesBuildPhase;
			buildActionMask = 2147483647;
			files = (
			);
			runOnlyForDeploymentPostprocessing = 0;
		};
/* End PBXResourcesBuildPhase section */

/* Begin PBXSourcesBuildPhase section */
		E98412E31D0AAF3B00D4F085 /* Sources */ = {
			isa = PBXSourcesBuildPhase;
			buildActionMask = 2147483647;
			files = (
				E98412F21D0AAF3B00D4F085 /* ViewController.m in Sources */,
				E98413121D0AAF5700D4F085 /* TableViewCell.m in Sources */,
				E98412EF1D0AAF3B00D4F085 /* AppDelegate.m in Sources */,
				E98412EC1D0AAF3B00D4F085 /* main.m in Sources */,
			);
			runOnlyForDeploymentPostprocessing = 0;
		};
		E98412FC1D0AAF3B00D4F085 /* Sources */ = {
			isa = PBXSourcesBuildPhase;
			buildActionMask = 2147483647;
			files = (
				E98413051D0AAF3B00D4F085 /* customUITests.m in Sources */,
			);
			runOnlyForDeploymentPostprocessing = 0;
		};
/* End PBXSourcesBuildPhase section */

/* Begin PBXTargetDependency section */
		E98413021D0AAF3B00D4F085 /* PBXTargetDependency */ = {
			isa = PBXTargetDependency;
			target = E98412E61D0AAF3B00D4F085 /* custom */;
			targetProxy = E98413011D0AAF3B00D4F085 /* PBXContainerItemProxy */;
		};
/* End PBXTargetDependency section */

/* Begin PBXVariantGroup section */
		E98412F31D0AAF3B00D4F085 /* Main.storyboard */ = {
			isa = PBXVariantGroup;
			children = (
				E98412F41D0AAF3B00D4F085 /* Base */,
			);
			name = Main.storyboard;
			sourceTree = "<group>";
		};
		E98412F81D0AAF3B00D4F085 /* LaunchScreen.storyboard */ = {
			isa = PBXVariantGroup;
			children = (
				E98412F91D0AAF3B00D4F085 /* Base */,
			);
			name = LaunchScreen.storyboard;
			sourceTree = "<group>";
		};
/* End PBXVariantGroup section */

/* Begin XCBuildConfiguration section */
		E98413071D0AAF3B00D4F085 /* Debug */ = {
			isa = XCBuildConfiguration;
			buildSettings = {
				ALWAYS_SEARCH_USER_PATHS = NO;
				CLANG_CXX_LANGUAGE_STANDARD = "gnu++0x";
				CLANG_CXX_LIBRARY = "libc++";
				CLANG_ENABLE_MODULES = YES;
				CLANG_ENABLE_OBJC_ARC = YES;
				CLANG_WARN_BOOL_CONVERSION = YES;
				CLANG_WARN_CONSTANT_CONVERSION = YES;
				CLANG_WARN_DIRECT_OBJC_ISA_USAGE = YES_ERROR;
				CLANG_WARN_EMPTY_BODY = YES;
				CLANG_WARN_ENUM_CONVERSION = YES;
				CLANG_WARN_INT_CONVERSION = YES;
				CLANG_WARN_OBJC_ROOT_CLASS = YES_ERROR;
				CLANG_WARN_UNREACHABLE_CODE = YES;
				CLANG_WARN__DUPLICATE_METHOD_MATCH = YES;
				"CODE_SIGN_IDENTITY[sdk=iphoneos*]" = "iPhone Developer";
				COPY_PHASE_STRIP = NO;
				DEBUG_INFORMATION_FORMAT = dwarf;
				ENABLE_STRICT_OBJC_MSGSEND = YES;
				ENABLE_TESTABILITY = YES;
				GCC_C_LANGUAGE_STANDARD = gnu99;
				GCC_DYNAMIC_NO_PIC = NO;
				GCC_NO_COMMON_BLOCKS = YES;
				GCC_OPTIMIZATION_LEVEL = 0;
				GCC_PREPROCESSOR_DEFINITIONS = (
					"DEBUG=1",
					"$(inherited)",
				);
				GCC_WARN_64_TO_32_BIT_CONVERSION = YES;
				GCC_WARN_ABOUT_RETURN_TYPE = YES_ERROR;
				GCC_WARN_UNDECLARED_SELECTOR = YES;
				GCC_WARN_UNINITIALIZED_AUTOS = YES_AGGRESSIVE;
				GCC_WARN_UNUSED_FUNCTION = YES;
				GCC_WARN_UNUSED_VARIABLE = YES;
				IPHONEOS_DEPLOYMENT_TARGET = 9.1;
				MTL_ENABLE_DEBUG_INFO = YES;
				ONLY_ACTIVE_ARCH = YES;
				SDKROOT = iphoneos;
				TARGETED_DEVICE_FAMILY = "1,2";
			};
			name = Debug;
		};
		E98413081D0AAF3B00D4F085 /* Release */ = {
			isa = XCBuildConfiguration;
			buildSettings = {
				ALWAYS_SEARCH_USER_PATHS = NO;
				CLANG_CXX_LANGUAGE_STANDARD = "gnu++0x";
				CLANG_CXX_LIBRARY = "libc++";
				CLANG_ENABLE_MODULES = YES;
				CLANG_ENABLE_OBJC_ARC = YES;
				CLANG_WARN_BOOL_CONVERSION = YES;
				CLANG_WARN_CONSTANT_CONVERSION = YES;
				CLANG_WARN_DIRECT_OBJC_ISA_USAGE = YES_ERROR;
				CLANG_WARN_EMPTY_BODY = YES;
				CLANG_WARN_ENUM_CONVERSION = YES;
				CLANG_WARN_INT_CONVERSION = YES;
				CLANG_WARN_OBJC_ROOT_CLASS = YES_ERROR;
				CLANG_WARN_UNREACHABLE_CODE = YES;
				CLANG_WARN__DUPLICATE_METHOD_MATCH = YES;
				"CODE_SIGN_IDENTITY[sdk=iphoneos*]" = "iPhone Developer";
				COPY_PHASE_STRIP = NO;
				DEBUG_INFORMATION_FORMAT = "dwarf-with-dsym";
				ENABLE_NS_ASSERTIONS = NO;
				ENABLE_STRICT_OBJC_MSGSEND = YES;
				GCC_C_LANGUAGE_STANDARD = gnu99;
				GCC_NO_COMMON_BLOCKS = YES;
				GCC_WARN_64_TO_32_BIT_CONVERSION = YES;
				GCC_WARN_ABOUT_RETURN_TYPE = YES_ERROR;
				GCC_WARN_UNDECLARED_SELECTOR = YES;
				GCC_WARN_UNINITIALIZED_AUTOS = YES_AGGRESSIVE;
				GCC_WARN_UNUSED_FUNCTION = YES;
				GCC_WARN_UNUSED_VARIABLE = YES;
				IPHONEOS_DEPLOYMENT_TARGET = 9.1;
				MTL_ENABLE_DEBUG_INFO = NO;
				SDKROOT = iphoneos;
				TARGETED_DEVICE_FAMILY = "1,2";
				VALIDATE_PRODUCT = YES;
			};
			name = Release;
		};
		E984130A1D0AAF3B00D4F085 /* Debug */ = {
			isa = XCBuildConfiguration;
			buildSettings = {
				ASSETCATALOG_COMPILER_APPICON_NAME = AppIcon;
				INFOPLIST_FILE = custom/Info.plist;
				LD_RUNPATH_SEARCH_PATHS = "$(inherited) @executable_path/Frameworks";
				PRODUCT_BUNDLE_IDENTIFIER = test.custom;
				PRODUCT_NAME = "$(TARGET_NAME)";
			};
			name = Debug;
		};
		E984130B1D0AAF3B00D4F085 /* Release */ = {
			isa = XCBuildConfiguration;
			buildSettings = {
				ASSETCATALOG_COMPILER_APPICON_NAME = AppIcon;
				INFOPLIST_FILE = custom/Info.plist;
				LD_RUNPATH_SEARCH_PATHS = "$(inherited) @executable_path/Frameworks";
				PRODUCT_BUNDLE_IDENTIFIER = test.custom;
				PRODUCT_NAME = "$(TARGET_NAME)";
			};
			name = Release;
		};
		E984130D1D0AAF3B00D4F085 /* Debug */ = {
			isa = XCBuildConfiguration;
			buildSettings = {
				INFOPLIST_FILE = customUITests/Info.plist;
				LD_RUNPATH_SEARCH_PATHS = "$(inherited) @executable_path/Frameworks @loader_path/Frameworks";
				PRODUCT_BUNDLE_IDENTIFIER = test.customUITests;
				PRODUCT_NAME = "$(TARGET_NAME)";
				TEST_TARGET_NAME = custom;
				USES_XCTRUNNER = YES;
			};
			name = Debug;
		};
		E984130E1D0AAF3B00D4F085 /* Release */ = {
			isa = XCBuildConfiguration;
			buildSettings = {
				INFOPLIST_FILE = customUITests/Info.plist;
				LD_RUNPATH_SEARCH_PATHS = "$(inherited) @executable_path/Frameworks @loader_path/Frameworks";
				PRODUCT_BUNDLE_IDENTIFIER = test.customUITests;
				PRODUCT_NAME = "$(TARGET_NAME)";
				TEST_TARGET_NAME = custom;
				USES_XCTRUNNER = YES;
			};
			name = Release;
		};
/* End XCBuildConfiguration section */

/* Begin XCConfigurationList section */
		E98412E21D0AAF3B00D4F085 /* Build configuration list for PBXProject "custom" */ = {
			isa = XCConfigurationList;
			buildConfigurations = (
				E98413071D0AAF3B00D4F085 /* Debug */,
				E98413081D0AAF3B00D4F085 /* Release */,
			);
			defaultConfigurationIsVisible = 0;
			defaultConfigurationName = Release;
		};
		E98413091D0AAF3B00D4F085 /* Build configuration list for PBXNativeTarget "custom" */ = {
			isa = XCConfigurationList;
			buildConfigurations = (
				E984130A1D0AAF3B00D4F085 /* Debug */,
				E984130B1D0AAF3B00D4F085 /* Release */,
			);
			defaultConfigurationIsVisible = 0;
			defaultConfigurationName = Release;
		};
		E984130C1D0AAF3B00D4F085 /* Build configuration list for PBXNativeTarget "customUITests" */ = {
			isa = XCConfigurationList;
			buildConfigurations = (
				E984130D1D0AAF3B00D4F085 /* Debug */,
				E984130E1D0AAF3B00D4F085 /* Release */,
			);
			defaultConfigurationIsVisible = 0;
			defaultConfigurationName = Release;
		};
/* End XCConfigurationList section */
	};
	rootObject = E98412DF1D0AAF3B00D4F085 /* Project object */;
}
