// !$*UTF8*$!
{
	archiveVersion = 1;
	classes = {
	};
	objectVersion = 46;
	objects = {

/* Begin PBXBuildFile section */
		E9E993A31D0903BD006EF2C7 /* main.m in Sources */ = {isa = PBXBuildFile; fileRef = E9E993A21D0903BD006EF2C7 /* main.m */; };
		E9E993A61D0903BD006EF2C7 /* AppDelegate.m in Sources */ = {isa = PBXBuildFile; fileRef = E9E993A51D0903BD006EF2C7 /* AppDelegate.m */; };
		E9E993A91D0903BD006EF2C7 /* ViewController.m in Sources */ = {isa = PBXBuildFile; fileRef = E9E993A81D0903BD006EF2C7 /* ViewController.m */; };
		E9E993AC1D0903BD006EF2C7 /* Main.storyboard in Resources */ = {isa = PBXBuildFile; fileRef = E9E993AA1D0903BD006EF2C7 /* Main.storyboard */; };
		E9E993AE1D0903BD006EF2C7 /* Assets.xcassets in Resources */ = {isa = PBXBuildFile; fileRef = E9E993AD1D0903BD006EF2C7 /* Assets.xcassets */; };
		E9E993B11D0903BD006EF2C7 /* LaunchScreen.storyboard in Resources */ = {isa = PBXBuildFile; fileRef = E9E993AF1D0903BD006EF2C7 /* LaunchScreen.storyboard */; };
		E9E993BC1D0903BD006EF2C7 /* MemoryMgmtUITests.m in Sources */ = {isa = PBXBuildFile; fileRef = E9E993BB1D0903BD006EF2C7 /* MemoryMgmtUITests.m */; };
		E9E993C81D090450006EF2C7 /* MixiParentObject.m in Sources */ = {isa = PBXBuildFile; fileRef = E9E993C71D090450006EF2C7 /* MixiParentObject.m */; };
		E9E993CB1D0904BD006EF2C7 /* MixiChildObject.m in Sources */ = {isa = PBXBuildFile; fileRef = E9E993CA1D0904BD006EF2C7 /* MixiChildObject.m */; };
/* End PBXBuildFile section */

/* Begin PBXContainerItemProxy section */
		E9E993B81D0903BD006EF2C7 /* PBXContainerItemProxy */ = {
			isa = PBXContainerItemProxy;
			containerPortal = E9E993961D0903BD006EF2C7 /* Project object */;
			proxyType = 1;
			remoteGlobalIDString = E9E9939D1D0903BD006EF2C7;
			remoteInfo = MemoryMgmt;
		};
/* End PBXContainerItemProxy section */

/* Begin PBXFileReference section */
		E9E9939E1D0903BD006EF2C7 /* MemoryMgmt.app */ = {isa = PBXFileReference; explicitFileType = wrapper.application; includeInIndex = 0; path = MemoryMgmt.app; sourceTree = BUILT_PRODUCTS_DIR; };
		E9E993A21D0903BD006EF2C7 /* main.m */ = {isa = PBXFileReference; lastKnownFileType = sourcecode.c.objc; path = main.m; sourceTree = "<group>"; };
		E9E993A41D0903BD006EF2C7 /* AppDelegate.h */ = {isa = PBXFileReference; lastKnownFileType = sourcecode.c.h; path = AppDelegate.h; sourceTree = "<group>"; };
		E9E993A51D0903BD006EF2C7 /* AppDelegate.m */ = {isa = PBXFileReference; lastKnownFileType = sourcecode.c.objc; path = AppDelegate.m; sourceTree = "<group>"; };
		E9E993A71D0903BD006EF2C7 /* ViewController.h */ = {isa = PBXFileReference; lastKnownFileType = sourcecode.c.h; path = ViewController.h; sourceTree = "<group>"; };
		E9E993A81D0903BD006EF2C7 /* ViewController.m */ = {isa = PBXFileReference; lastKnownFileType = sourcecode.c.objc; path = ViewController.m; sourceTree = "<group>"; };
		E9E993AB1D0903BD006EF2C7 /* Base */ = {isa = PBXFileReference; lastKnownFileType = file.storyboard; name = Base; path = Base.lproj/Main.storyboard; sourceTree = "<group>"; };
		E9E993AD1D0903BD006EF2C7 /* Assets.xcassets */ = {isa = PBXFileReference; lastKnownFileType = folder.assetcatalog; path = Assets.xcassets; sourceTree = "<group>"; };
		E9E993B01D0903BD006EF2C7 /* Base */ = {isa = PBXFileReference; lastKnownFileType = file.storyboard; name = Base; path = Base.lproj/LaunchScreen.storyboard; sourceTree = "<group>"; };
		E9E993B21D0903BD006EF2C7 /* Info.plist */ = {isa = PBXFileReference; lastKnownFileType = text.plist.xml; path = Info.plist; sourceTree = "<group>"; };
		E9E993B71D0903BD006EF2C7 /* MemoryMgmtUITests.xctest */ = {isa = PBXFileReference; explicitFileType = wrapper.cfbundle; includeInIndex = 0; path = MemoryMgmtUITests.xctest; sourceTree = BUILT_PRODUCTS_DIR; };
		E9E993BB1D0903BD006EF2C7 /* MemoryMgmtUITests.m */ = {isa = PBXFileReference; lastKnownFileType = sourcecode.c.objc; path = MemoryMgmtUITests.m; sourceTree = "<group>"; };
		E9E993BD1D0903BD006EF2C7 /* Info.plist */ = {isa = PBXFileReference; lastKnownFileType = text.plist.xml; path = Info.plist; sourceTree = "<group>"; };
		E9E993C61D09044F006EF2C7 /* MixiParentObject.h */ = {isa = PBXFileReference; fileEncoding = 4; lastKnownFileType = sourcecode.c.h; path = MixiParentObject.h; sourceTree = "<group>"; };
		E9E993C71D090450006EF2C7 /* MixiParentObject.m */ = {isa = PBXFileReference; fileEncoding = 4; lastKnownFileType = sourcecode.c.objc; path = MixiParentObject.m; sourceTree = "<group>"; };
		E9E993C91D0904BD006EF2C7 /* MixiChildObject.h */ = {isa = PBXFileReference; fileEncoding = 4; lastKnownFileType = sourcecode.c.h; path = MixiChildObject.h; sourceTree = "<group>"; };
		E9E993CA1D0904BD006EF2C7 /* MixiChildObject.m */ = {isa = PBXFileReference; fileEncoding = 4; lastKnownFileType = sourcecode.c.objc; path = MixiChildObject.m; sourceTree = "<group>"; };
/* End PBXFileReference section */

/* Begin PBXFrameworksBuildPhase section */
		E9E9939B1D0903BD006EF2C7 /* Frameworks */ = {
			isa = PBXFrameworksBuildPhase;
			buildActionMask = 2147483647;
			files = (
			);
			runOnlyForDeploymentPostprocessing = 0;
		};
		E9E993B41D0903BD006EF2C7 /* Frameworks */ = {
			isa = PBXFrameworksBuildPhase;
			buildActionMask = 2147483647;
			files = (
			);
			runOnlyForDeploymentPostprocessing = 0;
		};
/* End PBXFrameworksBuildPhase section */

/* Begin PBXGroup section */
		E9E993951D0903BD006EF2C7 = {
			isa = PBXGroup;
			children = (
				E9E993A01D0903BD006EF2C7 /* MemoryMgmt */,
				E9E993BA1D0903BD006EF2C7 /* MemoryMgmtUITests */,
				E9E9939F1D0903BD006EF2C7 /* Products */,
			);
			sourceTree = "<group>";
		};
		E9E9939F1D0903BD006EF2C7 /* Products */ = {
			isa = PBXGroup;
			children = (
				E9E9939E1D0903BD006EF2C7 /* MemoryMgmt.app */,
				E9E993B71D0903BD006EF2C7 /* MemoryMgmtUITests.xctest */,
			);
			name = Products;
			sourceTree = "<group>";
		};
		E9E993A01D0903BD006EF2C7 /* MemoryMgmt */ = {
			isa = PBXGroup;
			children = (
				E9E993A41D0903BD006EF2C7 /* AppDelegate.h */,
				E9E993A51D0903BD006EF2C7 /* AppDelegate.m */,
				E9E993A71D0903BD006EF2C7 /* ViewController.h */,
				E9E993A81D0903BD006EF2C7 /* ViewController.m */,
				E9E993C61D09044F006EF2C7 /* MixiParentObject.h */,
				E9E993C91D0904BD006EF2C7 /* MixiChildObject.h */,
				E9E993CA1D0904BD006EF2C7 /* MixiChildObject.m */,
				E9E993C71D090450006EF2C7 /* MixiParentObject.m */,
				E9E993AA1D0903BD006EF2C7 /* Main.storyboard */,
				E9E993AD1D0903BD006EF2C7 /* Assets.xcassets */,
				E9E993AF1D0903BD006EF2C7 /* LaunchScreen.storyboard */,
				E9E993B21D0903BD006EF2C7 /* Info.plist */,
				E9E993A11D0903BD006EF2C7 /* Supporting Files */,
			);
			path = MemoryMgmt;
			sourceTree = "<group>";
		};
		E9E993A11D0903BD006EF2C7 /* Supporting Files */ = {
			isa = PBXGroup;
			children = (
				E9E993A21D0903BD006EF2C7 /* main.m */,
			);
			name = "Supporting Files";
			sourceTree = "<group>";
		};
		E9E993BA1D0903BD006EF2C7 /* MemoryMgmtUITests */ = {
			isa = PBXGroup;
			children = (
				E9E993BB1D0903BD006EF2C7 /* MemoryMgmtUITests.m */,
				E9E993BD1D0903BD006EF2C7 /* Info.plist */,
			);
			path = MemoryMgmtUITests;
			sourceTree = "<group>";
		};
/* End PBXGroup section */

/* Begin PBXNativeTarget section */
		E9E9939D1D0903BD006EF2C7 /* MemoryMgmt */ = {
			isa = PBXNativeTarget;
			buildConfigurationList = E9E993C01D0903BD006EF2C7 /* Build configuration list for PBXNativeTarget "MemoryMgmt" */;
			buildPhases = (
				E9E9939A1D0903BD006EF2C7 /* Sources */,
				E9E9939B1D0903BD006EF2C7 /* Frameworks */,
				E9E9939C1D0903BD006EF2C7 /* Resources */,
			);
			buildRules = (
			);
			dependencies = (
			);
			name = MemoryMgmt;
			productName = MemoryMgmt;
			productReference = E9E9939E1D0903BD006EF2C7 /* MemoryMgmt.app */;
			productType = "com.apple.product-type.application";
		};
		E9E993B61D0903BD006EF2C7 /* MemoryMgmtUITests */ = {
			isa = PBXNativeTarget;
			buildConfigurationList = E9E993C31D0903BD006EF2C7 /* Build configuration list for PBXNativeTarget "MemoryMgmtUITests" */;
			buildPhases = (
				E9E993B31D0903BD006EF2C7 /* Sources */,
				E9E993B41D0903BD006EF2C7 /* Frameworks */,
				E9E993B51D0903BD006EF2C7 /* Resources */,
			);
			buildRules = (
			);
			dependencies = (
				E9E993B91D0903BD006EF2C7 /* PBXTargetDependency */,
			);
			name = MemoryMgmtUITests;
			productName = MemoryMgmtUITests;
			productReference = E9E993B71D0903BD006EF2C7 /* MemoryMgmtUITests.xctest */;
			productType = "com.apple.product-type.bundle.ui-testing";
		};
/* End PBXNativeTarget section */

/* Begin PBXProject section */
		E9E993961D0903BD006EF2C7 /* Project object */ = {
			isa = PBXProject;
			attributes = {
				LastUpgradeCheck = 0710;
				ORGANIZATIONNAME = "Minami Kyohei";
				TargetAttributes = {
					E9E9939D1D0903BD006EF2C7 = {
						CreatedOnToolsVersion = 7.1.1;
					};
					E9E993B61D0903BD006EF2C7 = {
						CreatedOnToolsVersion = 7.1.1;
						TestTargetID = E9E9939D1D0903BD006EF2C7;
					};
				};
			};
			buildConfigurationList = E9E993991D0903BD006EF2C7 /* Build configuration list for PBXProject "MemoryMgmt" */;
			compatibilityVersion = "Xcode 3.2";
			developmentRegion = English;
			hasScannedForEncodings = 0;
			knownRegions = (
				en,
				Base,
			);
			mainGroup = E9E993951D0903BD006EF2C7;
			productRefGroup = E9E9939F1D0903BD006EF2C7 /* Products */;
			projectDirPath = "";
			projectRoot = "";
			targets = (
				E9E9939D1D0903BD006EF2C7 /* MemoryMgmt */,
				E9E993B61D0903BD006EF2C7 /* MemoryMgmtUITests */,
			);
		};
/* End PBXProject section */

/* Begin PBXResourcesBuildPhase section */
		E9E9939C1D0903BD006EF2C7 /* Resources */ = {
			isa = PBXResourcesBuildPhase;
			buildActionMask = 2147483647;
			files = (
				E9E993B11D0903BD006EF2C7 /* LaunchScreen.storyboard in Resources */,
				E9E993AE1D0903BD006EF2C7 /* Assets.xcassets in Resources */,
				E9E993AC1D0903BD006EF2C7 /* Main.storyboard in Resources */,
			);
			runOnlyForDeploymentPostprocessing = 0;
		};
		E9E993B51D0903BD006EF2C7 /* Resources */ = {
			isa = PBXResourcesBuildPhase;
			buildActionMask = 2147483647;
			files = (
			);
			runOnlyForDeploymentPostprocessing = 0;
		};
/* End PBXResourcesBuildPhase section */

/* Begin PBXSourcesBuildPhase section */
		E9E9939A1D0903BD006EF2C7 /* Sources */ = {
			isa = PBXSourcesBuildPhase;
			buildActionMask = 2147483647;
			files = (
				E9E993A91D0903BD006EF2C7 /* ViewController.m in Sources */,
				E9E993C81D090450006EF2C7 /* MixiParentObject.m in Sources */,
				E9E993CB1D0904BD006EF2C7 /* MixiChildObject.m in Sources */,
				E9E993A61D0903BD006EF2C7 /* AppDelegate.m in Sources */,
				E9E993A31D0903BD006EF2C7 /* main.m in Sources */,
			);
			runOnlyForDeploymentPostprocessing = 0;
		};
		E9E993B31D0903BD006EF2C7 /* Sources */ = {
			isa = PBXSourcesBuildPhase;
			buildActionMask = 2147483647;
			files = (
				E9E993BC1D0903BD006EF2C7 /* MemoryMgmtUITests.m in Sources */,
			);
			runOnlyForDeploymentPostprocessing = 0;
		};
/* End PBXSourcesBuildPhase section */

/* Begin PBXTargetDependency section */
		E9E993B91D0903BD006EF2C7 /* PBXTargetDependency */ = {
			isa = PBXTargetDependency;
			target = E9E9939D1D0903BD006EF2C7 /* MemoryMgmt */;
			targetProxy = E9E993B81D0903BD006EF2C7 /* PBXContainerItemProxy */;
		};
/* End PBXTargetDependency section */

/* Begin PBXVariantGroup section */
		E9E993AA1D0903BD006EF2C7 /* Main.storyboard */ = {
			isa = PBXVariantGroup;
			children = (
				E9E993AB1D0903BD006EF2C7 /* Base */,
			);
			name = Main.storyboard;
			sourceTree = "<group>";
		};
		E9E993AF1D0903BD006EF2C7 /* LaunchScreen.storyboard */ = {
			isa = PBXVariantGroup;
			children = (
				E9E993B01D0903BD006EF2C7 /* Base */,
			);
			name = LaunchScreen.storyboard;
			sourceTree = "<group>";
		};
/* End PBXVariantGroup section */

/* Begin XCBuildConfiguration section */
		E9E993BE1D0903BD006EF2C7 /* Debug */ = {
			isa = XCBuildConfiguration;
			buildSettings = {
				ALWAYS_SEARCH_USER_PATHS = NO;
				CLANG_CXX_LANGUAGE_STANDARD = "gnu++0x";
				CLANG_CXX_LIBRARY = "libc++";
				CLANG_ENABLE_MODULES = YES;
				CLANG_ENABLE_OBJC_ARC = YES;
				CLANG_WARN_BOOL_CONVERSION = YES;
				CLANG_WARN_CONSTANT_CONVERSION = YES;
				CLANG_WARN_DIRECT_OBJC_ISA_USAGE = YES_ERROR;
				CLANG_WARN_EMPTY_BODY = YES;
				CLANG_WARN_ENUM_CONVERSION = YES;
				CLANG_WARN_INT_CONVERSION = YES;
				CLANG_WARN_OBJC_ROOT_CLASS = YES_ERROR;
				CLANG_WARN_UNREACHABLE_CODE = YES;
				CLANG_WARN__DUPLICATE_METHOD_MATCH = YES;
				"CODE_SIGN_IDENTITY[sdk=iphoneos*]" = "iPhone Developer";
				COPY_PHASE_STRIP = NO;
				DEBUG_INFORMATION_FORMAT = dwarf;
				ENABLE_STRICT_OBJC_MSGSEND = YES;
				ENABLE_TESTABILITY = YES;
				GCC_C_LANGUAGE_STANDARD = gnu99;
				GCC_DYNAMIC_NO_PIC = NO;
				GCC_NO_COMMON_BLOCKS = YES;
				GCC_OPTIMIZATION_LEVEL = 0;
				GCC_PREPROCESSOR_DEFINITIONS = (
					"DEBUG=1",
					"$(inherited)",
				);
				GCC_WARN_64_TO_32_BIT_CONVERSION = YES;
				GCC_WARN_ABOUT_RETURN_TYPE = YES_ERROR;
				GCC_WARN_UNDECLARED_SELECTOR = YES;
				GCC_WARN_UNINITIALIZED_AUTOS = YES_AGGRESSIVE;
				GCC_WARN_UNUSED_FUNCTION = YES;
				GCC_WARN_UNUSED_VARIABLE = YES;
				IPHONEOS_DEPLOYMENT_TARGET = 9.1;
				MTL_ENABLE_DEBUG_INFO = YES;
				ONLY_ACTIVE_ARCH = YES;
				SDKROOT = iphoneos;
				TARGETED_DEVICE_FAMILY = "1,2";
			};
			name = Debug;
		};
		E9E993BF1D0903BD006EF2C7 /* Release */ = {
			isa = XCBuildConfiguration;
			buildSettings = {
				ALWAYS_SEARCH_USER_PATHS = NO;
				CLANG_CXX_LANGUAGE_STANDARD = "gnu++0x";
				CLANG_CXX_LIBRARY = "libc++";
				CLANG_ENABLE_MODULES = YES;
				CLANG_ENABLE_OBJC_ARC = YES;
				CLANG_WARN_BOOL_CONVERSION = YES;
				CLANG_WARN_CONSTANT_CONVERSION = YES;
				CLANG_WARN_DIRECT_OBJC_ISA_USAGE = YES_ERROR;
				CLANG_WARN_EMPTY_BODY = YES;
				CLANG_WARN_ENUM_CONVERSION = YES;
				CLANG_WARN_INT_CONVERSION = YES;
				CLANG_WARN_OBJC_ROOT_CLASS = YES_ERROR;
				CLANG_WARN_UNREACHABLE_CODE = YES;
				CLANG_WARN__DUPLICATE_METHOD_MATCH = YES;
				"CODE_SIGN_IDENTITY[sdk=iphoneos*]" = "iPhone Developer";
				COPY_PHASE_STRIP = NO;
				DEBUG_INFORMATION_FORMAT = "dwarf-with-dsym";
				ENABLE_NS_ASSERTIONS = NO;
				ENABLE_STRICT_OBJC_MSGSEND = YES;
				GCC_C_LANGUAGE_STANDARD = gnu99;
				GCC_NO_COMMON_BLOCKS = YES;
				GCC_WARN_64_TO_32_BIT_CONVERSION = YES;
				GCC_WARN_ABOUT_RETURN_TYPE = YES_ERROR;
				GCC_WARN_UNDECLARED_SELECTOR = YES;
				GCC_WARN_UNINITIALIZED_AUTOS = YES_AGGRESSIVE;
				GCC_WARN_UNUSED_FUNCTION = YES;
				GCC_WARN_UNUSED_VARIABLE = YES;
				IPHONEOS_DEPLOYMENT_TARGET = 9.1;
				MTL_ENABLE_DEBUG_INFO = NO;
				SDKROOT = iphoneos;
				TARGETED_DEVICE_FAMILY = "1,2";
				VALIDATE_PRODUCT = YES;
			};
			name = Release;
		};
		E9E993C11D0903BD006EF2C7 /* Debug */ = {
			isa = XCBuildConfiguration;
			buildSettings = {
				ASSETCATALOG_COMPILER_APPICON_NAME = AppIcon;
				INFOPLIST_FILE = MemoryMgmt/Info.plist;
				LD_RUNPATH_SEARCH_PATHS = "$(inherited) @executable_path/Frameworks";
				PRODUCT_BUNDLE_IDENTIFIER = test.MemoryMgmt;
				PRODUCT_NAME = "$(TARGET_NAME)";
			};
			name = Debug;
		};
		E9E993C21D0903BD006EF2C7 /* Release */ = {
			isa = XCBuildConfiguration;
			buildSettings = {
				ASSETCATALOG_COMPILER_APPICON_NAME = AppIcon;
				INFOPLIST_FILE = MemoryMgmt/Info.plist;
				LD_RUNPATH_SEARCH_PATHS = "$(inherited) @executable_path/Frameworks";
				PRODUCT_BUNDLE_IDENTIFIER = test.MemoryMgmt;
				PRODUCT_NAME = "$(TARGET_NAME)";
			};
			name = Release;
		};
		E9E993C41D0903BD006EF2C7 /* Debug */ = {
			isa = XCBuildConfiguration;
			buildSettings = {
				INFOPLIST_FILE = MemoryMgmtUITests/Info.plist;
				LD_RUNPATH_SEARCH_PATHS = "$(inherited) @executable_path/Frameworks @loader_path/Frameworks";
				PRODUCT_BUNDLE_IDENTIFIER = test.MemoryMgmtUITests;
				PRODUCT_NAME = "$(TARGET_NAME)";
				TEST_TARGET_NAME = MemoryMgmt;
				USES_XCTRUNNER = YES;
			};
			name = Debug;
		};
		E9E993C51D0903BD006EF2C7 /* Release */ = {
			isa = XCBuildConfiguration;
			buildSettings = {
				INFOPLIST_FILE = MemoryMgmtUITests/Info.plist;
				LD_RUNPATH_SEARCH_PATHS = "$(inherited) @executable_path/Frameworks @loader_path/Frameworks";
				PRODUCT_BUNDLE_IDENTIFIER = test.MemoryMgmtUITests;
				PRODUCT_NAME = "$(TARGET_NAME)";
				TEST_TARGET_NAME = MemoryMgmt;
				USES_XCTRUNNER = YES;
			};
			name = Release;
		};
/* End XCBuildConfiguration section */

/* Begin XCConfigurationList section */
		E9E993991D0903BD006EF2C7 /* Build configuration list for PBXProject "MemoryMgmt" */ = {
			isa = XCConfigurationList;
			buildConfigurations = (
				E9E993BE1D0903BD006EF2C7 /* Debug */,
				E9E993BF1D0903BD006EF2C7 /* Release */,
			);
			defaultConfigurationIsVisible = 0;
			defaultConfigurationName = Release;
		};
		E9E993C01D0903BD006EF2C7 /* Build configuration list for PBXNativeTarget "MemoryMgmt" */ = {
			isa = XCConfigurationList;
			buildConfigurations = (
				E9E993C11D0903BD006EF2C7 /* Debug */,
				E9E993C21D0903BD006EF2C7 /* Release */,
			);
			defaultConfigurationIsVisible = 0;
		};
		E9E993C31D0903BD006EF2C7 /* Build configuration list for PBXNativeTarget "MemoryMgmtUITests" */ = {
			isa = XCConfigurationList;
			buildConfigurations = (
				E9E993C41D0903BD006EF2C7 /* Debug */,
				E9E993C51D0903BD006EF2C7 /* Release */,
			);
			defaultConfigurationIsVisible = 0;
		};
/* End XCConfigurationList section */
	};
	rootObject = E9E993961D0903BD006EF2C7 /* Project object */;
}
