// !$*UTF8*$!
{
	archiveVersion = 1;
	classes = {
	};
	objectVersion = 46;
	objects = {

/* Begin PBXBuildFile section */
		E9A1C5C31D139789007ABBA4 /* main.m in Sources */ = {isa = PBXBuildFile; fileRef = E9A1C5C21D139789007ABBA4 /* main.m */; };
		E9A1C5C61D139789007ABBA4 /* AppDelegate.m in Sources */ = {isa = PBXBuildFile; fileRef = E9A1C5C51D139789007ABBA4 /* AppDelegate.m */; };
		E9A1C5C91D139789007ABBA4 /* ViewController.m in Sources */ = {isa = PBXBuildFile; fileRef = E9A1C5C81D139789007ABBA4 /* ViewController.m */; };
		E9A1C5CC1D139789007ABBA4 /* Main.storyboard in Resources */ = {isa = PBXBuildFile; fileRef = E9A1C5CA1D139789007ABBA4 /* Main.storyboard */; };
		E9A1C5CE1D139789007ABBA4 /* Assets.xcassets in Resources */ = {isa = PBXBuildFile; fileRef = E9A1C5CD1D139789007ABBA4 /* Assets.xcassets */; };
		E9A1C5D11D139789007ABBA4 /* LaunchScreen.storyboard in Resources */ = {isa = PBXBuildFile; fileRef = E9A1C5CF1D139789007ABBA4 /* LaunchScreen.storyboard */; };
		E9A1C5DC1D139789007ABBA4 /* CustomViewUITests.m in Sources */ = {isa = PBXBuildFile; fileRef = E9A1C5DB1D139789007ABBA4 /* CustomViewUITests.m */; };
		E9A1C5E91D1397A6007ABBA4 /* CustomViewController.m in Sources */ = {isa = PBXBuildFile; fileRef = E9A1C5E71D1397A6007ABBA4 /* CustomViewController.m */; };
		E9A1C5EA1D1397A6007ABBA4 /* CustomViewController.xib in Resources */ = {isa = PBXBuildFile; fileRef = E9A1C5E81D1397A6007ABBA4 /* CustomViewController.xib */; };
		E9A1C5ED1D1397C1007ABBA4 /* OriginViewController.m in Sources */ = {isa = PBXBuildFile; fileRef = E9A1C5EC1D1397C1007ABBA4 /* OriginViewController.m */; };
/* End PBXBuildFile section */

/* Begin PBXContainerItemProxy section */
		E9A1C5D81D139789007ABBA4 /* PBXContainerItemProxy */ = {
			isa = PBXContainerItemProxy;
			containerPortal = E9A1C5B61D139789007ABBA4 /* Project object */;
			proxyType = 1;
			remoteGlobalIDString = E9A1C5BD1D139789007ABBA4;
			remoteInfo = CustomView;
		};
/* End PBXContainerItemProxy section */

/* Begin PBXFileReference section */
		E9A1C5BE1D139789007ABBA4 /* CustomView.app */ = {isa = PBXFileReference; explicitFileType = wrapper.application; includeInIndex = 0; path = CustomView.app; sourceTree = BUILT_PRODUCTS_DIR; };
		E9A1C5C21D139789007ABBA4 /* main.m */ = {isa = PBXFileReference; lastKnownFileType = sourcecode.c.objc; path = main.m; sourceTree = "<group>"; };
		E9A1C5C41D139789007ABBA4 /* AppDelegate.h */ = {isa = PBXFileReference; lastKnownFileType = sourcecode.c.h; path = AppDelegate.h; sourceTree = "<group>"; };
		E9A1C5C51D139789007ABBA4 /* AppDelegate.m */ = {isa = PBXFileReference; lastKnownFileType = sourcecode.c.objc; path = AppDelegate.m; sourceTree = "<group>"; };
		E9A1C5C71D139789007ABBA4 /* ViewController.h */ = {isa = PBXFileReference; lastKnownFileType = sourcecode.c.h; path = ViewController.h; sourceTree = "<group>"; };
		E9A1C5C81D139789007ABBA4 /* ViewController.m */ = {isa = PBXFileReference; lastKnownFileType = sourcecode.c.objc; path = ViewController.m; sourceTree = "<group>"; };
		E9A1C5CB1D139789007ABBA4 /* Base */ = {isa = PBXFileReference; lastKnownFileType = file.storyboard; name = Base; path = Base.lproj/Main.storyboard; sourceTree = "<group>"; };
		E9A1C5CD1D139789007ABBA4 /* Assets.xcassets */ = {isa = PBXFileReference; lastKnownFileType = folder.assetcatalog; path = Assets.xcassets; sourceTree = "<group>"; };
		E9A1C5D01D139789007ABBA4 /* Base */ = {isa = PBXFileReference; lastKnownFileType = file.storyboard; name = Base; path = Base.lproj/LaunchScreen.storyboard; sourceTree = "<group>"; };
		E9A1C5D21D139789007ABBA4 /* Info.plist */ = {isa = PBXFileReference; lastKnownFileType = text.plist.xml; path = Info.plist; sourceTree = "<group>"; };
		E9A1C5D71D139789007ABBA4 /* CustomViewUITests.xctest */ = {isa = PBXFileReference; explicitFileType = wrapper.cfbundle; includeInIndex = 0; path = CustomViewUITests.xctest; sourceTree = BUILT_PRODUCTS_DIR; };
		E9A1C5DB1D139789007ABBA4 /* CustomViewUITests.m */ = {isa = PBXFileReference; lastKnownFileType = sourcecode.c.objc; path = CustomViewUITests.m; sourceTree = "<group>"; };
		E9A1C5DD1D139789007ABBA4 /* Info.plist */ = {isa = PBXFileReference; lastKnownFileType = text.plist.xml; path = Info.plist; sourceTree = "<group>"; };
		E9A1C5E61D1397A6007ABBA4 /* CustomViewController.h */ = {isa = PBXFileReference; fileEncoding = 4; lastKnownFileType = sourcecode.c.h; path = CustomViewController.h; sourceTree = "<group>"; };
		E9A1C5E71D1397A6007ABBA4 /* CustomViewController.m */ = {isa = PBXFileReference; fileEncoding = 4; lastKnownFileType = sourcecode.c.objc; path = CustomViewController.m; sourceTree = "<group>"; };
		E9A1C5E81D1397A6007ABBA4 /* CustomViewController.xib */ = {isa = PBXFileReference; fileEncoding = 4; lastKnownFileType = file.xib; path = CustomViewController.xib; sourceTree = "<group>"; };
		E9A1C5EB1D1397C1007ABBA4 /* OriginViewController.h */ = {isa = PBXFileReference; fileEncoding = 4; lastKnownFileType = sourcecode.c.h; path = OriginViewController.h; sourceTree = "<group>"; };
		E9A1C5EC1D1397C1007ABBA4 /* OriginViewController.m */ = {isa = PBXFileReference; fileEncoding = 4; lastKnownFileType = sourcecode.c.objc; path = OriginViewController.m; sourceTree = "<group>"; };
/* End PBXFileReference section */

/* Begin PBXFrameworksBuildPhase section */
		E9A1C5BB1D139789007ABBA4 /* Frameworks */ = {
			isa = PBXFrameworksBuildPhase;
			buildActionMask = 2147483647;
			files = (
			);
			runOnlyForDeploymentPostprocessing = 0;
		};
		E9A1C5D41D139789007ABBA4 /* Frameworks */ = {
			isa = PBXFrameworksBuildPhase;
			buildActionMask = 2147483647;
			files = (
			);
			runOnlyForDeploymentPostprocessing = 0;
		};
/* End PBXFrameworksBuildPhase section */

/* Begin PBXGroup section */
		E9A1C5B51D139789007ABBA4 = {
			isa = PBXGroup;
			children = (
				E9A1C5C01D139789007ABBA4 /* CustomView */,
				E9A1C5DA1D139789007ABBA4 /* CustomViewUITests */,
				E9A1C5BF1D139789007ABBA4 /* Products */,
			);
			sourceTree = "<group>";
		};
		E9A1C5BF1D139789007ABBA4 /* Products */ = {
			isa = PBXGroup;
			children = (
				E9A1C5BE1D139789007ABBA4 /* CustomView.app */,
				E9A1C5D71D139789007ABBA4 /* CustomViewUITests.xctest */,
			);
			name = Products;
			sourceTree = "<group>";
		};
		E9A1C5C01D139789007ABBA4 /* CustomView */ = {
			isa = PBXGroup;
			children = (
				E9A1C5C41D139789007ABBA4 /* AppDelegate.h */,
				E9A1C5C51D139789007ABBA4 /* AppDelegate.m */,
				E9A1C5C71D139789007ABBA4 /* ViewController.h */,
				E9A1C5C81D139789007ABBA4 /* ViewController.m */,
				E9A1C5CA1D139789007ABBA4 /* Main.storyboard */,
				E9A1C5E61D1397A6007ABBA4 /* CustomViewController.h */,
				E9A1C5E71D1397A6007ABBA4 /* CustomViewController.m */,
				E9A1C5E81D1397A6007ABBA4 /* CustomViewController.xib */,
				E9A1C5EB1D1397C1007ABBA4 /* OriginViewController.h */,
				E9A1C5EC1D1397C1007ABBA4 /* OriginViewController.m */,
				E9A1C5CD1D139789007ABBA4 /* Assets.xcassets */,
				E9A1C5CF1D139789007ABBA4 /* LaunchScreen.storyboard */,
				E9A1C5D21D139789007ABBA4 /* Info.plist */,
				E9A1C5C11D139789007ABBA4 /* Supporting Files */,
			);
			path = CustomView;
			sourceTree = "<group>";
		};
		E9A1C5C11D139789007ABBA4 /* Supporting Files */ = {
			isa = PBXGroup;
			children = (
				E9A1C5C21D139789007ABBA4 /* main.m */,
			);
			name = "Supporting Files";
			sourceTree = "<group>";
		};
		E9A1C5DA1D139789007ABBA4 /* CustomViewUITests */ = {
			isa = PBXGroup;
			children = (
				E9A1C5DB1D139789007ABBA4 /* CustomViewUITests.m */,
				E9A1C5DD1D139789007ABBA4 /* Info.plist */,
			);
			path = CustomViewUITests;
			sourceTree = "<group>";
		};
/* End PBXGroup section */

/* Begin PBXNativeTarget section */
		E9A1C5BD1D139789007ABBA4 /* CustomView */ = {
			isa = PBXNativeTarget;
			buildConfigurationList = E9A1C5E01D139789007ABBA4 /* Build configuration list for PBXNativeTarget "CustomView" */;
			buildPhases = (
				E9A1C5BA1D139789007ABBA4 /* Sources */,
				E9A1C5BB1D139789007ABBA4 /* Frameworks */,
				E9A1C5BC1D139789007ABBA4 /* Resources */,
			);
			buildRules = (
			);
			dependencies = (
			);
			name = CustomView;
			productName = CustomView;
			productReference = E9A1C5BE1D139789007ABBA4 /* CustomView.app */;
			productType = "com.apple.product-type.application";
		};
		E9A1C5D61D139789007ABBA4 /* CustomViewUITests */ = {
			isa = PBXNativeTarget;
			buildConfigurationList = E9A1C5E31D139789007ABBA4 /* Build configuration list for PBXNativeTarget "CustomViewUITests" */;
			buildPhases = (
				E9A1C5D31D139789007ABBA4 /* Sources */,
				E9A1C5D41D139789007ABBA4 /* Frameworks */,
				E9A1C5D51D139789007ABBA4 /* Resources */,
			);
			buildRules = (
			);
			dependencies = (
				E9A1C5D91D139789007ABBA4 /* PBXTargetDependency */,
			);
			name = CustomViewUITests;
			productName = CustomViewUITests;
			productReference = E9A1C5D71D139789007ABBA4 /* CustomViewUITests.xctest */;
			productType = "com.apple.product-type.bundle.ui-testing";
		};
/* End PBXNativeTarget section */

/* Begin PBXProject section */
		E9A1C5B61D139789007ABBA4 /* Project object */ = {
			isa = PBXProject;
			attributes = {
				LastUpgradeCheck = 0710;
				ORGANIZATIONNAME = "Minami Kyohei";
				TargetAttributes = {
					E9A1C5BD1D139789007ABBA4 = {
						CreatedOnToolsVersion = 7.1.1;
					};
					E9A1C5D61D139789007ABBA4 = {
						CreatedOnToolsVersion = 7.1.1;
						TestTargetID = E9A1C5BD1D139789007ABBA4;
					};
				};
			};
			buildConfigurationList = E9A1C5B91D139789007ABBA4 /* Build configuration list for PBXProject "CustomView" */;
			compatibilityVersion = "Xcode 3.2";
			developmentRegion = English;
			hasScannedForEncodings = 0;
			knownRegions = (
				en,
				Base,
			);
			mainGroup = E9A1C5B51D139789007ABBA4;
			productRefGroup = E9A1C5BF1D139789007ABBA4 /* Products */;
			projectDirPath = "";
			projectRoot = "";
			targets = (
				E9A1C5BD1D139789007ABBA4 /* CustomView */,
				E9A1C5D61D139789007ABBA4 /* CustomViewUITests */,
			);
		};
/* End PBXProject section */

/* Begin PBXResourcesBuildPhase section */
		E9A1C5BC1D139789007ABBA4 /* Resources */ = {
			isa = PBXResourcesBuildPhase;
			buildActionMask = 2147483647;
			files = (
				E9A1C5D11D139789007ABBA4 /* LaunchScreen.storyboard in Resources */,
				E9A1C5CE1D139789007ABBA4 /* Assets.xcassets in Resources */,
				E9A1C5CC1D139789007ABBA4 /* Main.storyboard in Resources */,
				E9A1C5EA1D1397A6007ABBA4 /* CustomViewController.xib in Resources */,
			);
			runOnlyForDeploymentPostprocessing = 0;
		};
		E9A1C5D51D139789007ABBA4 /* Resources */ = {
			isa = PBXResourcesBuildPhase;
			buildActionMask = 2147483647;
			files = (
			);
			runOnlyForDeploymentPostprocessing = 0;
		};
/* End PBXResourcesBuildPhase section */

/* Begin PBXSourcesBuildPhase section */
		E9A1C5BA1D139789007ABBA4 /* Sources */ = {
			isa = PBXSourcesBuildPhase;
			buildActionMask = 2147483647;
			files = (
				E9A1C5C91D139789007ABBA4 /* ViewController.m in Sources */,
				E9A1C5C61D139789007ABBA4 /* AppDelegate.m in Sources */,
				E9A1C5ED1D1397C1007ABBA4 /* OriginViewController.m in Sources */,
				E9A1C5C31D139789007ABBA4 /* main.m in Sources */,
				E9A1C5E91D1397A6007ABBA4 /* CustomViewController.m in Sources */,
			);
			runOnlyForDeploymentPostprocessing = 0;
		};
		E9A1C5D31D139789007ABBA4 /* Sources */ = {
			isa = PBXSourcesBuildPhase;
			buildActionMask = 2147483647;
			files = (
				E9A1C5DC1D139789007ABBA4 /* CustomViewUITests.m in Sources */,
			);
			runOnlyForDeploymentPostprocessing = 0;
		};
/* End PBXSourcesBuildPhase section */

/* Begin PBXTargetDependency section */
		E9A1C5D91D139789007ABBA4 /* PBXTargetDependency */ = {
			isa = PBXTargetDependency;
			target = E9A1C5BD1D139789007ABBA4 /* CustomView */;
			targetProxy = E9A1C5D81D139789007ABBA4 /* PBXContainerItemProxy */;
		};
/* End PBXTargetDependency section */

/* Begin PBXVariantGroup section */
		E9A1C5CA1D139789007ABBA4 /* Main.storyboard */ = {
			isa = PBXVariantGroup;
			children = (
				E9A1C5CB1D139789007ABBA4 /* Base */,
			);
			name = Main.storyboard;
			sourceTree = "<group>";
		};
		E9A1C5CF1D139789007ABBA4 /* LaunchScreen.storyboard */ = {
			isa = PBXVariantGroup;
			children = (
				E9A1C5D01D139789007ABBA4 /* Base */,
			);
			name = LaunchScreen.storyboard;
			sourceTree = "<group>";
		};
/* End PBXVariantGroup section */

/* Begin XCBuildConfiguration section */
		E9A1C5DE1D139789007ABBA4 /* Debug */ = {
			isa = XCBuildConfiguration;
			buildSettings = {
				ALWAYS_SEARCH_USER_PATHS = NO;
				CLANG_CXX_LANGUAGE_STANDARD = "gnu++0x";
				CLANG_CXX_LIBRARY = "libc++";
				CLANG_ENABLE_MODULES = YES;
				CLANG_ENABLE_OBJC_ARC = YES;
				CLANG_WARN_BOOL_CONVERSION = YES;
				CLANG_WARN_CONSTANT_CONVERSION = YES;
				CLANG_WARN_DIRECT_OBJC_ISA_USAGE = YES_ERROR;
				CLANG_WARN_EMPTY_BODY = YES;
				CLANG_WARN_ENUM_CONVERSION = YES;
				CLANG_WARN_INT_CONVERSION = YES;
				CLANG_WARN_OBJC_ROOT_CLASS = YES_ERROR;
				CLANG_WARN_UNREACHABLE_CODE = YES;
				CLANG_WARN__DUPLICATE_METHOD_MATCH = YES;
				"CODE_SIGN_IDENTITY[sdk=iphoneos*]" = "iPhone Developer";
				COPY_PHASE_STRIP = NO;
				DEBUG_INFORMATION_FORMAT = dwarf;
				ENABLE_STRICT_OBJC_MSGSEND = YES;
				ENABLE_TESTABILITY = YES;
				GCC_C_LANGUAGE_STANDARD = gnu99;
				GCC_DYNAMIC_NO_PIC = NO;
				GCC_NO_COMMON_BLOCKS = YES;
				GCC_OPTIMIZATION_LEVEL = 0;
				GCC_PREPROCESSOR_DEFINITIONS = (
					"DEBUG=1",
					"$(inherited)",
				);
				GCC_WARN_64_TO_32_BIT_CONVERSION = YES;
				GCC_WARN_ABOUT_RETURN_TYPE = YES_ERROR;
				GCC_WARN_UNDECLARED_SELECTOR = YES;
				GCC_WARN_UNINITIALIZED_AUTOS = YES_AGGRESSIVE;
				GCC_WARN_UNUSED_FUNCTION = YES;
				GCC_WARN_UNUSED_VARIABLE = YES;
				IPHONEOS_DEPLOYMENT_TARGET = 9.1;
				MTL_ENABLE_DEBUG_INFO = YES;
				ONLY_ACTIVE_ARCH = YES;
				SDKROOT = iphoneos;
				TARGETED_DEVICE_FAMILY = "1,2";
			};
			name = Debug;
		};
		E9A1C5DF1D139789007ABBA4 /* Release */ = {
			isa = XCBuildConfiguration;
			buildSettings = {
				ALWAYS_SEARCH_USER_PATHS = NO;
				CLANG_CXX_LANGUAGE_STANDARD = "gnu++0x";
				CLANG_CXX_LIBRARY = "libc++";
				CLANG_ENABLE_MODULES = YES;
				CLANG_ENABLE_OBJC_ARC = YES;
				CLANG_WARN_BOOL_CONVERSION = YES;
				CLANG_WARN_CONSTANT_CONVERSION = YES;
				CLANG_WARN_DIRECT_OBJC_ISA_USAGE = YES_ERROR;
				CLANG_WARN_EMPTY_BODY = YES;
				CLANG_WARN_ENUM_CONVERSION = YES;
				CLANG_WARN_INT_CONVERSION = YES;
				CLANG_WARN_OBJC_ROOT_CLASS = YES_ERROR;
				CLANG_WARN_UNREACHABLE_CODE = YES;
				CLANG_WARN__DUPLICATE_METHOD_MATCH = YES;
				"CODE_SIGN_IDENTITY[sdk=iphoneos*]" = "iPhone Developer";
				COPY_PHASE_STRIP = NO;
				DEBUG_INFORMATION_FORMAT = "dwarf-with-dsym";
				ENABLE_NS_ASSERTIONS = NO;
				ENABLE_STRICT_OBJC_MSGSEND = YES;
				GCC_C_LANGUAGE_STANDARD = gnu99;
				GCC_NO_COMMON_BLOCKS = YES;
				GCC_WARN_64_TO_32_BIT_CONVERSION = YES;
				GCC_WARN_ABOUT_RETURN_TYPE = YES_ERROR;
				GCC_WARN_UNDECLARED_SELECTOR = YES;
				GCC_WARN_UNINITIALIZED_AUTOS = YES_AGGRESSIVE;
				GCC_WARN_UNUSED_FUNCTION = YES;
				GCC_WARN_UNUSED_VARIABLE = YES;
				IPHONEOS_DEPLOYMENT_TARGET = 9.1;
				MTL_ENABLE_DEBUG_INFO = NO;
				SDKROOT = iphoneos;
				TARGETED_DEVICE_FAMILY = "1,2";
				VALIDATE_PRODUCT = YES;
			};
			name = Release;
		};
		E9A1C5E11D139789007ABBA4 /* Debug */ = {
			isa = XCBuildConfiguration;
			buildSettings = {
				ASSETCATALOG_COMPILER_APPICON_NAME = AppIcon;
				INFOPLIST_FILE = CustomView/Info.plist;
				LD_RUNPATH_SEARCH_PATHS = "$(inherited) @executable_path/Frameworks";
				PRODUCT_BUNDLE_IDENTIFIER = test.CustomView;
				PRODUCT_NAME = "$(TARGET_NAME)";
			};
			name = Debug;
		};
		E9A1C5E21D139789007ABBA4 /* Release */ = {
			isa = XCBuildConfiguration;
			buildSettings = {
				ASSETCATALOG_COMPILER_APPICON_NAME = AppIcon;
				INFOPLIST_FILE = CustomView/Info.plist;
				LD_RUNPATH_SEARCH_PATHS = "$(inherited) @executable_path/Frameworks";
				PRODUCT_BUNDLE_IDENTIFIER = test.CustomView;
				PRODUCT_NAME = "$(TARGET_NAME)";
			};
			name = Release;
		};
		E9A1C5E41D139789007ABBA4 /* Debug */ = {
			isa = XCBuildConfiguration;
			buildSettings = {
				INFOPLIST_FILE = CustomViewUITests/Info.plist;
				LD_RUNPATH_SEARCH_PATHS = "$(inherited) @executable_path/Frameworks @loader_path/Frameworks";
				PRODUCT_BUNDLE_IDENTIFIER = test.CustomViewUITests;
				PRODUCT_NAME = "$(TARGET_NAME)";
				TEST_TARGET_NAME = CustomView;
				USES_XCTRUNNER = YES;
			};
			name = Debug;
		};
		E9A1C5E51D139789007ABBA4 /* Release */ = {
			isa = XCBuildConfiguration;
			buildSettings = {
				INFOPLIST_FILE = CustomViewUITests/Info.plist;
				LD_RUNPATH_SEARCH_PATHS = "$(inherited) @executable_path/Frameworks @loader_path/Frameworks";
				PRODUCT_BUNDLE_IDENTIFIER = test.CustomViewUITests;
				PRODUCT_NAME = "$(TARGET_NAME)";
				TEST_TARGET_NAME = CustomView;
				USES_XCTRUNNER = YES;
			};
			name = Release;
		};
/* End XCBuildConfiguration section */

/* Begin XCConfigurationList section */
		E9A1C5B91D139789007ABBA4 /* Build configuration list for PBXProject "CustomView" */ = {
			isa = XCConfigurationList;
			buildConfigurations = (
				E9A1C5DE1D139789007ABBA4 /* Debug */,
				E9A1C5DF1D139789007ABBA4 /* Release */,
			);
			defaultConfigurationIsVisible = 0;
			defaultConfigurationName = Release;
		};
		E9A1C5E01D139789007ABBA4 /* Build configuration list for PBXNativeTarget "CustomView" */ = {
			isa = XCConfigurationList;
			buildConfigurations = (
				E9A1C5E11D139789007ABBA4 /* Debug */,
				E9A1C5E21D139789007ABBA4 /* Release */,
			);
			defaultConfigurationIsVisible = 0;
		};
		E9A1C5E31D139789007ABBA4 /* Build configuration list for PBXNativeTarget "CustomViewUITests" */ = {
			isa = XCConfigurationList;
			buildConfigurations = (
				E9A1C5E41D139789007ABBA4 /* Debug */,
				E9A1C5E51D139789007ABBA4 /* Release */,
			);
			defaultConfigurationIsVisible = 0;
		};
/* End XCConfigurationList section */
	};
	rootObject = E9A1C5B61D139789007ABBA4 /* Project object */;
}
